// !$*UTF8*$!
{
	archiveVersion = 1;
	classes = {
	};
	objectVersion = 46;
	objects = {

/* Begin PBXBuildFile section */
		E911F2A3155681D90082DE9A /* 5@2x.png in Resources */ = {isa = PBXBuildFile; fileRef = E911F29D155681D90082DE9A /* 5@2x.png */; };
		E911F2A4155681D90082DE9A /* 4@2x.png in Resources */ = {isa = PBXBuildFile; fileRef = E911F29E155681D90082DE9A /* 4@2x.png */; };
		E911F2A5155681D90082DE9A /* 0@2x.png in Resources */ = {isa = PBXBuildFile; fileRef = E911F29F155681D90082DE9A /* 0@2x.png */; };
		E911F2A6155681D90082DE9A /* 1@2x.png in Resources */ = {isa = PBXBuildFile; fileRef = E911F2A0155681D90082DE9A /* 1@2x.png */; };
		E911F2A7155681D90082DE9A /* 3@2x.png in Resources */ = {isa = PBXBuildFile; fileRef = E911F2A1155681D90082DE9A /* 3@2x.png */; };
		E911F2A8155681D90082DE9A /* 2@2x.png in Resources */ = {isa = PBXBuildFile; fileRef = E911F2A2155681D90082DE9A /* 2@2x.png */; };
		E92A15BF154C000E00C96E0B /* HeroRiseViewController.m in Sources */ = {isa = PBXBuildFile; fileRef = E92A15BD154C000E00C96E0B /* HeroRiseViewController.m */; };
		E92A15C0154C000E00C96E0B /* HeroRiseViewController.xib in Resources */ = {isa = PBXBuildFile; fileRef = E92A15BE154C000E00C96E0B /* HeroRiseViewController.xib */; };
		E92A15CC154C0B4100C96E0B /* Default.png in Resources */ = {isa = PBXBuildFile; fileRef = E92A15CB154C0B4100C96E0B /* Default.png */; };
		E92A15CE154C1E1800C96E0B /* icon.png in Resources */ = {isa = PBXBuildFile; fileRef = E92A15CD154C1E1800C96E0B /* icon.png */; };
		E94C5AC915517BC800B0F10D /* bg_skilldetailboard@2x.png in Resources */ = {isa = PBXBuildFile; fileRef = E94C5AC815517BC800B0F10D /* bg_skilldetailboard@2x.png */; };
		E94C5ADA15525D7400B0F10D /* skill_bash_d.png in Resources */ = {isa = PBXBuildFile; fileRef = E94C5AD115525D7400B0F10D /* skill_bash_d.png */; };
		E94C5ADD15525D7400B0F10D /* skill_cleave_d.png in Resources */ = {isa = PBXBuildFile; fileRef = E94C5AD415525D7400B0F10D /* skill_cleave_d.png */; };
		E94C5AE015525D7400B0F10D /* skill_frenzy_d.png in Resources */ = {isa = PBXBuildFile; fileRef = E94C5AD715525D7400B0F10D /* skill_frenzy_d.png */; };
		E96AB63D1550607E00475346 /* BarbarianSkillDetailViewController.m in Sources */ = {isa = PBXBuildFile; fileRef = E96AB63B1550607E00475346 /* BarbarianSkillDetailViewController.m */; };
		E96AB64215507B8900475346 /* DemonHunterSkillDetailViewController.m in Sources */ = {isa = PBXBuildFile; fileRef = E96AB64015507B8900475346 /* DemonHunterSkillDetailViewController.m */; };
		E96AB64315507B8900475346 /* DemonHunterSkillDetailViewController.xib in Resources */ = {isa = PBXBuildFile; fileRef = E96AB64115507B8900475346 /* DemonHunterSkillDetailViewController.xib */; };
		E96AB64A15507D1000475346 /* MonkSkillDetailViewController.m in Sources */ = {isa = PBXBuildFile; fileRef = E96AB64815507D1000475346 /* MonkSkillDetailViewController.m */; };
		E96AB64B15507D1000475346 /* MonkSkillDetailViewController.xib in Resources */ = {isa = PBXBuildFile; fileRef = E96AB64915507D1000475346 /* MonkSkillDetailViewController.xib */; };
		E96AB64F15507D3400475346 /* WitchDoctorSkillDetailViewController.m in Sources */ = {isa = PBXBuildFile; fileRef = E96AB64D15507D3400475346 /* WitchDoctorSkillDetailViewController.m */; };
		E96AB65015507D3400475346 /* WitchDoctorSkillDetailViewController.xib in Resources */ = {isa = PBXBuildFile; fileRef = E96AB64E15507D3400475346 /* WitchDoctorSkillDetailViewController.xib */; };
		E96AB65415507D5200475346 /* WizardSkillDetailViewController.m in Sources */ = {isa = PBXBuildFile; fileRef = E96AB65215507D5200475346 /* WizardSkillDetailViewController.m */; };
		E96AB65515507D5200475346 /* WizardSkillDetailViewController.xib in Resources */ = {isa = PBXBuildFile; fileRef = E96AB65315507D5200475346 /* WizardSkillDetailViewController.xib */; };
		E972606B1552B6BA006D5BB1 /* skill_hammeroftheancients_d.png in Resources */ = {isa = PBXBuildFile; fileRef = E972605F1552B6B9006D5BB1 /* skill_hammeroftheancients_d.png */; };
		E972606C1552B6BA006D5BB1 /* skill_hammeroftheancients_n.png in Resources */ = {isa = PBXBuildFile; fileRef = E97260601552B6B9006D5BB1 /* skill_hammeroftheancients_n.png */; };
		E972606E1552B6BA006D5BB1 /* skill_rend_d.png in Resources */ = {isa = PBXBuildFile; fileRef = E97260621552B6B9006D5BB1 /* skill_rend_d.png */; };
		E972606F1552B6BA006D5BB1 /* skill_rend_n.png in Resources */ = {isa = PBXBuildFile; fileRef = E97260631552B6B9006D5BB1 /* skill_rend_n.png */; };
		E97260711552B6BA006D5BB1 /* skill_seismicslam_d.png in Resources */ = {isa = PBXBuildFile; fileRef = E97260651552B6B9006D5BB1 /* skill_seismicslam_d.png */; };
		E97260721552B6BA006D5BB1 /* skill_seismicslam_n.png in Resources */ = {isa = PBXBuildFile; fileRef = E97260661552B6B9006D5BB1 /* skill_seismicslam_n.png */; };
		E97260741552B6BA006D5BB1 /* skill_whirlwind_d.png in Resources */ = {isa = PBXBuildFile; fileRef = E97260681552B6BA006D5BB1 /* skill_whirlwind_d.png */; };
		E97260751552B6BA006D5BB1 /* skill_whirlwind_n.png in Resources */ = {isa = PBXBuildFile; fileRef = E97260691552B6BA006D5BB1 /* skill_whirlwind_n.png */; };
		E97260881552BA69006D5BB1 /* skill_groundstomp_d.png in Resources */ = {isa = PBXBuildFile; fileRef = E972607C1552BA69006D5BB1 /* skill_groundstomp_d.png */; };
		E97260891552BA69006D5BB1 /* skill_groundstomp_n.png in Resources */ = {isa = PBXBuildFile; fileRef = E972607D1552BA69006D5BB1 /* skill_groundstomp_n.png */; };
		E972608B1552BA69006D5BB1 /* skill_ignorepain_d.png in Resources */ = {isa = PBXBuildFile; fileRef = E972607F1552BA69006D5BB1 /* skill_ignorepain_d.png */; };
		E972608C1552BA69006D5BB1 /* skill_ignorepain_n.png in Resources */ = {isa = PBXBuildFile; fileRef = E97260801552BA69006D5BB1 /* skill_ignorepain_n.png */; };
		E972608E1552BA69006D5BB1 /* skill_leap_d.png in Resources */ = {isa = PBXBuildFile; fileRef = E97260821552BA69006D5BB1 /* skill_leap_d.png */; };
		E972608F1552BA69006D5BB1 /* skill_leap_n.png in Resources */ = {isa = PBXBuildFile; fileRef = E97260831552BA69006D5BB1 /* skill_leap_n.png */; };
		E97260911552BA69006D5BB1 /* skill_sprint_d.png in Resources */ = {isa = PBXBuildFile; fileRef = E97260851552BA69006D5BB1 /* skill_sprint_d.png */; };
		E97260921552BA69006D5BB1 /* skill_sprint_n.png in Resources */ = {isa = PBXBuildFile; fileRef = E97260861552BA69006D5BB1 /* skill_sprint_n.png */; };
		E97260A01552BC7A006D5BB1 /* skill_ancientspear_d.png in Resources */ = {isa = PBXBuildFile; fileRef = E97260941552BC7A006D5BB1 /* skill_ancientspear_d.png */; };
		E97260A11552BC7A006D5BB1 /* skill_ancientspear_n.png in Resources */ = {isa = PBXBuildFile; fileRef = E97260951552BC7A006D5BB1 /* skill_ancientspear_n.png */; };
		E97260A31552BC7A006D5BB1 /* skill_furiouscharge_d.png in Resources */ = {isa = PBXBuildFile; fileRef = E97260971552BC7A006D5BB1 /* skill_furiouscharge_d.png */; };
		E97260A41552BC7A006D5BB1 /* skill_furiouscharge_n.png in Resources */ = {isa = PBXBuildFile; fileRef = E97260981552BC7A006D5BB1 /* skill_furiouscharge_n.png */; };
		E97260A61552BC7A006D5BB1 /* skill_overpower_d.png in Resources */ = {isa = PBXBuildFile; fileRef = E972609A1552BC7A006D5BB1 /* skill_overpower_d.png */; };
		E97260A71552BC7A006D5BB1 /* skill_overpower_n.png in Resources */ = {isa = PBXBuildFile; fileRef = E972609B1552BC7A006D5BB1 /* skill_overpower_n.png */; };
		E97260A91552BC7A006D5BB1 /* skill_revenge_d.png in Resources */ = {isa = PBXBuildFile; fileRef = E972609D1552BC7A006D5BB1 /* skill_revenge_d.png */; };
		E97260AA1552BC7A006D5BB1 /* skill_revenge_n.png in Resources */ = {isa = PBXBuildFile; fileRef = E972609E1552BC7A006D5BB1 /* skill_revenge_n.png */; };
		E97260B81552BE97006D5BB1 /* skill_battlerage_d.png in Resources */ = {isa = PBXBuildFile; fileRef = E97260AC1552BE97006D5BB1 /* skill_battlerage_d.png */; };
		E97260B91552BE97006D5BB1 /* skill_battlerage_n.png in Resources */ = {isa = PBXBuildFile; fileRef = E97260AD1552BE97006D5BB1 /* skill_battlerage_n.png */; };
		E97260BB1552BE97006D5BB1 /* skill_threateningshout_d.png in Resources */ = {isa = PBXBuildFile; fileRef = E97260AF1552BE97006D5BB1 /* skill_threateningshout_d.png */; };
		E97260BC1552BE97006D5BB1 /* skill_threateningshout_n.png in Resources */ = {isa = PBXBuildFile; fileRef = E97260B01552BE97006D5BB1 /* skill_threateningshout_n.png */; };
		E97260BE1552BE97006D5BB1 /* skill_warcry_d.png in Resources */ = {isa = PBXBuildFile; fileRef = E97260B21552BE97006D5BB1 /* skill_warcry_d.png */; };
		E97260BF1552BE97006D5BB1 /* skill_warcry_n.png in Resources */ = {isa = PBXBuildFile; fileRef = E97260B31552BE97006D5BB1 /* skill_warcry_n.png */; };
		E97260C11552BE97006D5BB1 /* skill_weaponthrow_d.png in Resources */ = {isa = PBXBuildFile; fileRef = E97260B51552BE97006D5BB1 /* skill_weaponthrow_d.png */; };
		E97260C21552BE97006D5BB1 /* skill_weaponthrow_n.png in Resources */ = {isa = PBXBuildFile; fileRef = E97260B61552BE97006D5BB1 /* skill_weaponthrow_n.png */; };
		E97260CD1552BF62006D5BB1 /* skill_calloftheancients_d.png in Resources */ = {isa = PBXBuildFile; fileRef = E97260C41552BF62006D5BB1 /* skill_calloftheancients_d.png */; };
		E97260CE1552BF62006D5BB1 /* skill_calloftheancients_n.png in Resources */ = {isa = PBXBuildFile; fileRef = E97260C51552BF62006D5BB1 /* skill_calloftheancients_n.png */; };
		E97260D01552BF62006D5BB1 /* skill_earthquake_d.png in Resources */ = {isa = PBXBuildFile; fileRef = E97260C71552BF62006D5BB1 /* skill_earthquake_d.png */; };
		E97260D11552BF62006D5BB1 /* skill_earthquake_n.png in Resources */ = {isa = PBXBuildFile; fileRef = E97260C81552BF62006D5BB1 /* skill_earthquake_n.png */; };
		E97260D31552BF62006D5BB1 /* skill_wrathoftheberserker_d.png in Resources */ = {isa = PBXBuildFile; fileRef = E97260CA1552BF62006D5BB1 /* skill_wrathoftheberserker_d.png */; };
		E97260D41552BF62006D5BB1 /* skill_wrathoftheberserker_n.png in Resources */ = {isa = PBXBuildFile; fileRef = E97260CB1552BF62006D5BB1 /* skill_wrathoftheberserker_n.png */; };
		E976D87E1553BB3600FB489C /* SingleSkillDetailViewController.m in Sources */ = {isa = PBXBuildFile; fileRef = E976D87C1553BB3600FB489C /* SingleSkillDetailViewController.m */; };
		E97DBDBC1550148400385A36 /* bt_forward@2x.png in Resources */ = {isa = PBXBuildFile; fileRef = E97DBDBB1550148400385A36 /* bt_forward@2x.png */; };
		E97DBDCC155023AF00385A36 /* avatar_bar_f@2x.png in Resources */ = {isa = PBXBuildFile; fileRef = E97DBDC2155023AE00385A36 /* avatar_bar_f@2x.png */; };
		E97DBDCD155023AF00385A36 /* avatar_bar_m@2x.png in Resources */ = {isa = PBXBuildFile; fileRef = E97DBDC3155023AE00385A36 /* avatar_bar_m@2x.png */; };
		E97DBDCE155023AF00385A36 /* avatar_dh_f@2x.png in Resources */ = {isa = PBXBuildFile; fileRef = E97DBDC4155023AF00385A36 /* avatar_dh_f@2x.png */; };
		E97DBDCF155023AF00385A36 /* avatar_dh_m@2x.png in Resources */ = {isa = PBXBuildFile; fileRef = E97DBDC5155023AF00385A36 /* avatar_dh_m@2x.png */; };
		E97DBDD0155023AF00385A36 /* avatar_monk_f@2x.png in Resources */ = {isa = PBXBuildFile; fileRef = E97DBDC6155023AF00385A36 /* avatar_monk_f@2x.png */; };
		E97DBDD1155023AF00385A36 /* avatar_monk_m@2x.png in Resources */ = {isa = PBXBuildFile; fileRef = E97DBDC7155023AF00385A36 /* avatar_monk_m@2x.png */; };
		E97DBDD2155023AF00385A36 /* avatar_wd_f@2x.png in Resources */ = {isa = PBXBuildFile; fileRef = E97DBDC8155023AF00385A36 /* avatar_wd_f@2x.png */; };
		E97DBDD3155023AF00385A36 /* avatar_wd_m@2x.png in Resources */ = {isa = PBXBuildFile; fileRef = E97DBDC9155023AF00385A36 /* avatar_wd_m@2x.png */; };
		E97DBDD4155023AF00385A36 /* avatar_wz_f@2x.png in Resources */ = {isa = PBXBuildFile; fileRef = E97DBDCA155023AF00385A36 /* avatar_wz_f@2x.png */; };
		E97DBDD5155023AF00385A36 /* avatar_wz_m@2x.png in Resources */ = {isa = PBXBuildFile; fileRef = E97DBDCB155023AF00385A36 /* avatar_wz_m@2x.png */; };
		E97DBDD715502C6900385A36 /* bg_herorise@2x.png in Resources */ = {isa = PBXBuildFile; fileRef = E97DBDD615502C6900385A36 /* bg_herorise@2x.png */; };
		E97DBDD915502EE000385A36 /* bg_heroeshall@2x.png in Resources */ = {isa = PBXBuildFile; fileRef = E97DBDD815502EE000385A36 /* bg_heroeshall@2x.png */; };
		E97DBDDB1550354500385A36 /* bt_nextpage@2x.png in Resources */ = {isa = PBXBuildFile; fileRef = E97DBDDA1550354400385A36 /* bt_nextpage@2x.png */; };
		E97DBDDD155039D300385A36 /* bt_skill_s@2x.png in Resources */ = {isa = PBXBuildFile; fileRef = E97DBDDC155039D200385A36 /* bt_skill_s@2x.png */; };
		E97DBDDF1550479700385A36 /* bt_pskill_s@2x.png in Resources */ = {isa = PBXBuildFile; fileRef = E97DBDDE1550479600385A36 /* bt_pskill_s@2x.png */; };
		E97DBDE815504FAC00385A36 /* BarbarianSkillDetailViewController.xib in Resources */ = {isa = PBXBuildFile; fileRef = E97DBDE715504FAC00385A36 /* BarbarianSkillDetailViewController.xib */; };
		E97F3A6215541D32009FB7C6 /* HeroSkillDataSource.plist in Resources */ = {isa = PBXBuildFile; fileRef = E97F3A6115541D32009FB7C6 /* HeroSkillDataSource.plist */; };
		E97F3A6515542180009FB7C6 /* Localizable.strings in Resources */ = {isa = PBXBuildFile; fileRef = E97F3A6715542180009FB7C6 /* Localizable.strings */; };
		E980AD1B15509398003D7179 /* HeroSkillDetailViewController.m in Sources */ = {isa = PBXBuildFile; fileRef = E980AD1A15509398003D7179 /* HeroSkillDetailViewController.m */; };
		E99489F21557EC8A0028AB94 /* skill_animosity_d.png in Resources */ = {isa = PBXBuildFile; fileRef = E99489D21557EC8A0028AB94 /* skill_animosity_d.png */; };
		E99489F31557EC8A0028AB94 /* skill_animosity_n.png in Resources */ = {isa = PBXBuildFile; fileRef = E99489D31557EC8A0028AB94 /* skill_animosity_n.png */; };
		E99489F41557EC8A0028AB94 /* skill_berserkerrage_d.png in Resources */ = {isa = PBXBuildFile; fileRef = E99489D41557EC8A0028AB94 /* skill_berserkerrage_d.png */; };
		E99489F51557EC8A0028AB94 /* skill_berserkerrage_n.png in Resources */ = {isa = PBXBuildFile; fileRef = E99489D51557EC8A0028AB94 /* skill_berserkerrage_n.png */; };
		E99489F61557EC8A0028AB94 /* skill_bloodthirst_d.png in Resources */ = {isa = PBXBuildFile; fileRef = E99489D61557EC8A0028AB94 /* skill_bloodthirst_d.png */; };
		E99489F71557EC8A0028AB94 /* skill_bloodthirst_n.png in Resources */ = {isa = PBXBuildFile; fileRef = E99489D71557EC8A0028AB94 /* skill_bloodthirst_n.png */; };
		E99489F81557EC8A0028AB94 /* skill_boonofbulkathos_d.png in Resources */ = {isa = PBXBuildFile; fileRef = E99489D81557EC8A0028AB94 /* skill_boonofbulkathos_d.png */; };
		E99489F91557EC8A0028AB94 /* skill_boonofbulkathos_n.png in Resources */ = {isa = PBXBuildFile; fileRef = E99489D91557EC8A0028AB94 /* skill_boonofbulkathos_n.png */; };
		E99489FA1557EC8A0028AB94 /* skill_brawler_d.png in Resources */ = {isa = PBXBuildFile; fileRef = E99489DA1557EC8A0028AB94 /* skill_brawler_d.png */; };
		E99489FB1557EC8A0028AB94 /* skill_brawler_n.png in Resources */ = {isa = PBXBuildFile; fileRef = E99489DB1557EC8A0028AB94 /* skill_brawler_n.png */; };
		E99489FC1557EC8A0028AB94 /* skill_inspiringpresence_d.png in Resources */ = {isa = PBXBuildFile; fileRef = E99489DC1557EC8A0028AB94 /* skill_inspiringpresence_d.png */; };
		E99489FD1557EC8A0028AB94 /* skill_inspiringpresence_n.png in Resources */ = {isa = PBXBuildFile; fileRef = E99489DD1557EC8A0028AB94 /* skill_inspiringpresence_n.png */; };
		E99489FE1557EC8A0028AB94 /* skill_juggernaut_d.png in Resources */ = {isa = PBXBuildFile; fileRef = E99489DE1557EC8A0028AB94 /* skill_juggernaut_d.png */; };
		E99489FF1557EC8A0028AB94 /* skill_juggernaut_n.png in Resources */ = {isa = PBXBuildFile; fileRef = E99489DF1557EC8A0028AB94 /* skill_juggernaut_n.png */; };
		E9948A001557EC8A0028AB94 /* skill_nervesofsteel_d.png in Resources */ = {isa = PBXBuildFile; fileRef = E99489E01557EC8A0028AB94 /* skill_nervesofsteel_d.png */; };
		E9948A011557EC8A0028AB94 /* skill_nervesofsteel_n.png in Resources */ = {isa = PBXBuildFile; fileRef = E99489E11557EC8A0028AB94 /* skill_nervesofsteel_n.png */; };
		E9948A021557EC8A0028AB94 /* skill_noescape_d.png in Resources */ = {isa = PBXBuildFile; fileRef = E99489E21557EC8A0028AB94 /* skill_noescape_d.png */; };
		E9948A031557EC8A0028AB94 /* skill_noescape_n.png in Resources */ = {isa = PBXBuildFile; fileRef = E99489E31557EC8A0028AB94 /* skill_noescape_n.png */; };
		E9948A041557EC8A0028AB94 /* skill_poundofflesh_d.png in Resources */ = {isa = PBXBuildFile; fileRef = E99489E41557EC8A0028AB94 /* skill_poundofflesh_d.png */; };
		E9948A051557EC8A0028AB94 /* skill_poundofflesh_n.png in Resources */ = {isa = PBXBuildFile; fileRef = E99489E51557EC8A0028AB94 /* skill_poundofflesh_n.png */; };
		E9948A061557EC8A0028AB94 /* skill_relentless_d.png in Resources */ = {isa = PBXBuildFile; fileRef = E99489E61557EC8A0028AB94 /* skill_relentless_d.png */; };
		E9948A071557EC8A0028AB94 /* skill_relentless_n.png in Resources */ = {isa = PBXBuildFile; fileRef = E99489E71557EC8A0028AB94 /* skill_relentless_n.png */; };
		E9948A081557EC8A0028AB94 /* skill_ruthless_d.png in Resources */ = {isa = PBXBuildFile; fileRef = E99489E81557EC8A0028AB94 /* skill_ruthless_d.png */; };
		E9948A091557EC8A0028AB94 /* skill_ruthless_n.png in Resources */ = {isa = PBXBuildFile; fileRef = E99489E91557EC8A0028AB94 /* skill_ruthless_n.png */; };
		E9948A0A1557EC8A0028AB94 /* skill_superstition_d.png in Resources */ = {isa = PBXBuildFile; fileRef = E99489EA1557EC8A0028AB94 /* skill_superstition_d.png */; };
		E9948A0B1557EC8A0028AB94 /* skill_superstition_n.png in Resources */ = {isa = PBXBuildFile; fileRef = E99489EB1557EC8A0028AB94 /* skill_superstition_n.png */; };
		E9948A0C1557EC8A0028AB94 /* skill_toughasnails_d.png in Resources */ = {isa = PBXBuildFile; fileRef = E99489EC1557EC8A0028AB94 /* skill_toughasnails_d.png */; };
		E9948A0D1557EC8A0028AB94 /* skill_toughasnails_n.png in Resources */ = {isa = PBXBuildFile; fileRef = E99489ED1557EC8A0028AB94 /* skill_toughasnails_n.png */; };
		E9948A0E1557EC8A0028AB94 /* skill_unforgiving_d.png in Resources */ = {isa = PBXBuildFile; fileRef = E99489EE1557EC8A0028AB94 /* skill_unforgiving_d.png */; };
		E9948A0F1557EC8A0028AB94 /* skill_unforgiving_n.png in Resources */ = {isa = PBXBuildFile; fileRef = E99489EF1557EC8A0028AB94 /* skill_unforgiving_n.png */; };
		E9948A101557EC8A0028AB94 /* skill_weaponsmaster_d.png in Resources */ = {isa = PBXBuildFile; fileRef = E99489F01557EC8A0028AB94 /* skill_weaponsmaster_d.png */; };
		E9948A111557EC8A0028AB94 /* skill_weaponsmaster_n.png in Resources */ = {isa = PBXBuildFile; fileRef = E99489F11557EC8A0028AB94 /* skill_weaponsmaster_n.png */; };
		E9948A1A15580AF00028AB94 /* DetailTextView.m in Sources */ = {isa = PBXBuildFile; fileRef = E9948A1915580AF00028AB94 /* DetailTextView.m */; };
		E9948A1C15580B250028AB94 /* CoreText.framework in Frameworks */ = {isa = PBXBuildFile; fileRef = E9948A1B15580B250028AB94 /* CoreText.framework */; };
		E996F9421558228800487C85 /* bg_singleskilldetailboard@2x.png in Resources */ = {isa = PBXBuildFile; fileRef = E996F9411558228800487C85 /* bg_singleskilldetailboard@2x.png */; };
		E99E29FB154EF45800FFE046 /* hero_bar_f.gif in Resources */ = {isa = PBXBuildFile; fileRef = E99E29F6154EF45800FFE046 /* hero_bar_f.gif */; };
		E99E29FC154EF45800FFE046 /* hero_dh_m.gif in Resources */ = {isa = PBXBuildFile; fileRef = E99E29F7154EF45800FFE046 /* hero_dh_m.gif */; };
		E99E29FD154EF45800FFE046 /* hero_monk_f.gif in Resources */ = {isa = PBXBuildFile; fileRef = E99E29F8154EF45800FFE046 /* hero_monk_f.gif */; };
		E99E29FE154EF45800FFE046 /* hero_wd_f.gif in Resources */ = {isa = PBXBuildFile; fileRef = E99E29F9154EF45800FFE046 /* hero_wd_f.gif */; };
		E99E29FF154EF45800FFE046 /* hero_wz_m.gif in Resources */ = {isa = PBXBuildFile; fileRef = E99E29FA154EF45800FFE046 /* hero_wz_m.gif */; };
		E99E2A09154F2DCD00FFE046 /* bg_sex@2x.png in Resources */ = {isa = PBXBuildFile; fileRef = E99E2A08154F2DCD00FFE046 /* bg_sex@2x.png */; };
		E99E2A0E154F34D100FFE046 /* bt_female_s@2x.png in Resources */ = {isa = PBXBuildFile; fileRef = E99E2A0A154F34D000FFE046 /* bt_female_s@2x.png */; };
		E99E2A0F154F34D100FFE046 /* bt_female@2x.png in Resources */ = {isa = PBXBuildFile; fileRef = E99E2A0B154F34D000FFE046 /* bt_female@2x.png */; };
		E99E2A10154F34D100FFE046 /* bt_male_s@2x.png in Resources */ = {isa = PBXBuildFile; fileRef = E99E2A0C154F34D000FFE046 /* bt_male_s@2x.png */; };
		E99E2A11154F34D100FFE046 /* bt_male@2x.png in Resources */ = {isa = PBXBuildFile; fileRef = E99E2A0D154F34D100FFE046 /* bt_male@2x.png */; };
		E9BC3AB4155AEC85006C08D5 /* skillround_highlight.png in Resources */ = {isa = PBXBuildFile; fileRef = E9BC3AB2155AEC85006C08D5 /* skillround_highlight.png */; };
		E9BC3AB5155AEC85006C08D5 /* skillrect_highlight.png in Resources */ = {isa = PBXBuildFile; fileRef = E9BC3AB3155AEC85006C08D5 /* skillrect_highlight.png */; };
		E9CABAF61554EF3C00773ACF /* mash_selected_area@2x.png in Resources */ = {isa = PBXBuildFile; fileRef = E9CABAF51554EF3C00773ACF /* mash_selected_area@2x.png */; };
		E9CABAF81554F1EF00773ACF /* bt_skillboard_close@2x.png in Resources */ = {isa = PBXBuildFile; fileRef = E9CABAF71554F1EF00773ACF /* bt_skillboard_close@2x.png */; };
		E9CFD401154B125A005D3760 /* UIKit.framework in Frameworks */ = {isa = PBXBuildFile; fileRef = E9CFD400154B125A005D3760 /* UIKit.framework */; };
		E9CFD403154B125A005D3760 /* Foundation.framework in Frameworks */ = {isa = PBXBuildFile; fileRef = E9CFD402154B125A005D3760 /* Foundation.framework */; };
		E9CFD405154B125A005D3760 /* CoreGraphics.framework in Frameworks */ = {isa = PBXBuildFile; fileRef = E9CFD404154B125A005D3760 /* CoreGraphics.framework */; };
		E9CFD40B154B125A005D3760 /* InfoPlist.strings in Resources */ = {isa = PBXBuildFile; fileRef = E9CFD409154B125A005D3760 /* InfoPlist.strings */; };
		E9CFD40D154B125A005D3760 /* main.m in Sources */ = {isa = PBXBuildFile; fileRef = E9CFD40C154B125A005D3760 /* main.m */; };
		E9CFD411154B125A005D3760 /* AppDelegate.m in Sources */ = {isa = PBXBuildFile; fileRef = E9CFD410154B125A005D3760 /* AppDelegate.m */; };
		E9CFD41A154B12C1005D3760 /* Application.xib in Resources */ = {isa = PBXBuildFile; fileRef = E9CFD419154B12C1005D3760 /* Application.xib */; };
		E9CFD424154B18EC005D3760 /* HeroesHallViewController.m in Sources */ = {isa = PBXBuildFile; fileRef = E9CFD422154B18EC005D3760 /* HeroesHallViewController.m */; };
		E9CFD425154B18EC005D3760 /* HeroesHallViewController.xib in Resources */ = {isa = PBXBuildFile; fileRef = E9CFD423154B18EC005D3760 /* HeroesHallViewController.xib */; };
		E9D8507C154CFDCB00AD2153 /* hero_bar_m.gif in Resources */ = {isa = PBXBuildFile; fileRef = E9D8507B154CFDCB00AD2153 /* hero_bar_m.gif */; };
		E9D9F230154D1B2700DABCE8 /* bg_heroshall_rect@2x.png in Resources */ = {isa = PBXBuildFile; fileRef = E9D9F22F154D1B2700DABCE8 /* bg_heroshall_rect@2x.png */; };
		E9D9F244154D259000DABCE8 /* bt_hero@2x.png in Resources */ = {isa = PBXBuildFile; fileRef = E9D9F242154D259000DABCE8 /* bt_hero@2x.png */; };
		E9D9F245154D259000DABCE8 /* bt_hero_s@2x.png in Resources */ = {isa = PBXBuildFile; fileRef = E9D9F243154D259000DABCE8 /* bt_hero_s@2x.png */; };
		E9D9F2BD154D302600DABCE8 /* ft_herorise_rect@2x.png in Resources */ = {isa = PBXBuildFile; fileRef = E9D9F2BC154D302600DABCE8 /* ft_herorise_rect@2x.png */; };
		E9D9F2BF154D306900DABCE8 /* tt_herorise@2x.png in Resources */ = {isa = PBXBuildFile; fileRef = E9D9F2BE154D306900DABCE8 /* tt_herorise@2x.png */; };
		E9D9F2CD154D43F700DABCE8 /* bg_topbar@2x.png in Resources */ = {isa = PBXBuildFile; fileRef = E9D9F2CC154D43F700DABCE8 /* bg_topbar@2x.png */; };
		E9D9F2D1154D451100DABCE8 /* bt_back@2x.png in Resources */ = {isa = PBXBuildFile; fileRef = E9D9F2CF154D451100DABCE8 /* bt_back@2x.png */; };
		E9D9F2D7154D5EAA00DABCE8 /* bt_heroeshall_create@2x.png in Resources */ = {isa = PBXBuildFile; fileRef = E9D9F2D6154D5EAA00DABCE8 /* bt_heroeshall_create@2x.png */; };
		E9DF3CF11558D00C0088FDDC /* skill_bash_n.png in Resources */ = {isa = PBXBuildFile; fileRef = E9DF3CEE1558D00C0088FDDC /* skill_bash_n.png */; };
		E9DF3CF21558D00C0088FDDC /* skill_cleave_n.png in Resources */ = {isa = PBXBuildFile; fileRef = E9DF3CEF1558D00C0088FDDC /* skill_cleave_n.png */; };
		E9DF3CF31558D00C0088FDDC /* skill_frenzy_n.png in Resources */ = {isa = PBXBuildFile; fileRef = E9DF3CF01558D00C0088FDDC /* skill_frenzy_n.png */; };
		E9EFE658154FEDED00C01F3C /* HeroSkillBoardViewController.m in Sources */ = {isa = PBXBuildFile; fileRef = E9EFE656154FEDED00C01F3C /* HeroSkillBoardViewController.m */; };
		E9EFE659154FEDED00C01F3C /* HeroSkillBoardViewController.xib in Resources */ = {isa = PBXBuildFile; fileRef = E9EFE657154FEDED00C01F3C /* HeroSkillBoardViewController.xib */; };
		E9EFE65B154FEEDE00C01F3C /* bg_skillboard@2x.png in Resources */ = {isa = PBXBuildFile; fileRef = E9EFE65A154FEEDE00C01F3C /* bg_skillboard@2x.png */; };
		E9EFE669154FF63F00C01F3C /* UINavigationController.m in Sources */ = {isa = PBXBuildFile; fileRef = E9EFE668154FF63F00C01F3C /* UINavigationController.m */; };
		E9FD724F154E73A300CC9F39 /* QuartzCore.framework in Frameworks */ = {isa = PBXBuildFile; fileRef = E9FD724E154E73A300CC9F39 /* QuartzCore.framework */; };
		E9FD726B154E883F00CC9F39 /* iCarousel.m in Sources */ = {isa = PBXBuildFile; fileRef = E9FD7269154E883F00CC9F39 /* iCarousel.m */; };
		E9FD7273154E99B600CC9F39 /* hero_dh_f.gif in Resources */ = {isa = PBXBuildFile; fileRef = E9FD726F154E99B600CC9F39 /* hero_dh_f.gif */; };
		E9FD7274154E99B600CC9F39 /* hero_monk_m.gif in Resources */ = {isa = PBXBuildFile; fileRef = E9FD7270154E99B600CC9F39 /* hero_monk_m.gif */; };
		E9FD7275154E99B600CC9F39 /* hero_wd_m.gif in Resources */ = {isa = PBXBuildFile; fileRef = E9FD7271154E99B600CC9F39 /* hero_wd_m.gif */; };
		E9FD7276154E99B600CC9F39 /* hero_wz_f.gif in Resources */ = {isa = PBXBuildFile; fileRef = E9FD7272154E99B600CC9F39 /* hero_wz_f.gif */; };
/* End PBXBuildFile section */

/* Begin PBXFileReference section */
		E911F29D155681D90082DE9A /* 5@2x.png */ = {isa = PBXFileReference; lastKnownFileType = image.png; path = "5@2x.png"; sourceTree = "<group>"; };
		E911F29E155681D90082DE9A /* 4@2x.png */ = {isa = PBXFileReference; lastKnownFileType = image.png; path = "4@2x.png"; sourceTree = "<group>"; };
		E911F29F155681D90082DE9A /* 0@2x.png */ = {isa = PBXFileReference; lastKnownFileType = image.png; path = "0@2x.png"; sourceTree = "<group>"; };
		E911F2A0155681D90082DE9A /* 1@2x.png */ = {isa = PBXFileReference; lastKnownFileType = image.png; path = "1@2x.png"; sourceTree = "<group>"; };
		E911F2A1155681D90082DE9A /* 3@2x.png */ = {isa = PBXFileReference; lastKnownFileType = image.png; path = "3@2x.png"; sourceTree = "<group>"; };
		E911F2A2155681D90082DE9A /* 2@2x.png */ = {isa = PBXFileReference; lastKnownFileType = image.png; path = "2@2x.png"; sourceTree = "<group>"; };
		E92A15BC154C000E00C96E0B /* HeroRiseViewController.h */ = {isa = PBXFileReference; fileEncoding = 4; lastKnownFileType = sourcecode.c.h; path = HeroRiseViewController.h; sourceTree = "<group>"; };
		E92A15BD154C000E00C96E0B /* HeroRiseViewController.m */ = {isa = PBXFileReference; fileEncoding = 4; lastKnownFileType = sourcecode.c.objc; path = HeroRiseViewController.m; sourceTree = "<group>"; };
		E92A15BE154C000E00C96E0B /* HeroRiseViewController.xib */ = {isa = PBXFileReference; fileEncoding = 4; lastKnownFileType = file.xib; path = HeroRiseViewController.xib; sourceTree = "<group>"; };
		E92A15CB154C0B4100C96E0B /* Default.png */ = {isa = PBXFileReference; lastKnownFileType = image.png; path = Default.png; sourceTree = "<group>"; };
		E92A15CD154C1E1800C96E0B /* icon.png */ = {isa = PBXFileReference; lastKnownFileType = image.png; path = icon.png; sourceTree = "<group>"; };
		E94C5AC815517BC800B0F10D /* bg_skilldetailboard@2x.png */ = {isa = PBXFileReference; lastKnownFileType = image.png; path = "bg_skilldetailboard@2x.png"; sourceTree = "<group>"; };
		E94C5AD115525D7400B0F10D /* skill_bash_d.png */ = {isa = PBXFileReference; lastKnownFileType = image.png; path = skill_bash_d.png; sourceTree = "<group>"; };
		E94C5AD415525D7400B0F10D /* skill_cleave_d.png */ = {isa = PBXFileReference; lastKnownFileType = image.png; path = skill_cleave_d.png; sourceTree = "<group>"; };
		E94C5AD715525D7400B0F10D /* skill_frenzy_d.png */ = {isa = PBXFileReference; lastKnownFileType = image.png; path = skill_frenzy_d.png; sourceTree = "<group>"; };
		E96AB63A1550607E00475346 /* BarbarianSkillDetailViewController.h */ = {isa = PBXFileReference; fileEncoding = 4; lastKnownFileType = sourcecode.c.h; path = BarbarianSkillDetailViewController.h; sourceTree = "<group>"; };
		E96AB63B1550607E00475346 /* BarbarianSkillDetailViewController.m */ = {isa = PBXFileReference; fileEncoding = 4; lastKnownFileType = sourcecode.c.objc; path = BarbarianSkillDetailViewController.m; sourceTree = "<group>"; };
		E96AB63F15507B8900475346 /* DemonHunterSkillDetailViewController.h */ = {isa = PBXFileReference; fileEncoding = 4; lastKnownFileType = sourcecode.c.h; path = DemonHunterSkillDetailViewController.h; sourceTree = "<group>"; };
		E96AB64015507B8900475346 /* DemonHunterSkillDetailViewController.m */ = {isa = PBXFileReference; fileEncoding = 4; lastKnownFileType = sourcecode.c.objc; path = DemonHunterSkillDetailViewController.m; sourceTree = "<group>"; };
		E96AB64115507B8900475346 /* DemonHunterSkillDetailViewController.xib */ = {isa = PBXFileReference; fileEncoding = 4; lastKnownFileType = file.xib; path = DemonHunterSkillDetailViewController.xib; sourceTree = "<group>"; };
		E96AB64715507D1000475346 /* MonkSkillDetailViewController.h */ = {isa = PBXFileReference; fileEncoding = 4; lastKnownFileType = sourcecode.c.h; path = MonkSkillDetailViewController.h; sourceTree = "<group>"; };
		E96AB64815507D1000475346 /* MonkSkillDetailViewController.m */ = {isa = PBXFileReference; fileEncoding = 4; lastKnownFileType = sourcecode.c.objc; path = MonkSkillDetailViewController.m; sourceTree = "<group>"; };
		E96AB64915507D1000475346 /* MonkSkillDetailViewController.xib */ = {isa = PBXFileReference; fileEncoding = 4; lastKnownFileType = file.xib; path = MonkSkillDetailViewController.xib; sourceTree = "<group>"; };
		E96AB64C15507D3400475346 /* WitchDoctorSkillDetailViewController.h */ = {isa = PBXFileReference; fileEncoding = 4; lastKnownFileType = sourcecode.c.h; path = WitchDoctorSkillDetailViewController.h; sourceTree = "<group>"; };
		E96AB64D15507D3400475346 /* WitchDoctorSkillDetailViewController.m */ = {isa = PBXFileReference; fileEncoding = 4; lastKnownFileType = sourcecode.c.objc; path = WitchDoctorSkillDetailViewController.m; sourceTree = "<group>"; };
		E96AB64E15507D3400475346 /* WitchDoctorSkillDetailViewController.xib */ = {isa = PBXFileReference; fileEncoding = 4; lastKnownFileType = file.xib; path = WitchDoctorSkillDetailViewController.xib; sourceTree = "<group>"; };
		E96AB65115507D5200475346 /* WizardSkillDetailViewController.h */ = {isa = PBXFileReference; fileEncoding = 4; lastKnownFileType = sourcecode.c.h; path = WizardSkillDetailViewController.h; sourceTree = "<group>"; };
		E96AB65215507D5200475346 /* WizardSkillDetailViewController.m */ = {isa = PBXFileReference; fileEncoding = 4; lastKnownFileType = sourcecode.c.objc; path = WizardSkillDetailViewController.m; sourceTree = "<group>"; };
		E96AB65315507D5200475346 /* WizardSkillDetailViewController.xib */ = {isa = PBXFileReference; fileEncoding = 4; lastKnownFileType = file.xib; path = WizardSkillDetailViewController.xib; sourceTree = "<group>"; };
		E972605F1552B6B9006D5BB1 /* skill_hammeroftheancients_d.png */ = {isa = PBXFileReference; lastKnownFileType = image.png; path = skill_hammeroftheancients_d.png; sourceTree = "<group>"; };
		E97260601552B6B9006D5BB1 /* skill_hammeroftheancients_n.png */ = {isa = PBXFileReference; lastKnownFileType = image.png; path = skill_hammeroftheancients_n.png; sourceTree = "<group>"; };
		E97260621552B6B9006D5BB1 /* skill_rend_d.png */ = {isa = PBXFileReference; lastKnownFileType = image.png; path = skill_rend_d.png; sourceTree = "<group>"; };
		E97260631552B6B9006D5BB1 /* skill_rend_n.png */ = {isa = PBXFileReference; lastKnownFileType = image.png; path = skill_rend_n.png; sourceTree = "<group>"; };
		E97260651552B6B9006D5BB1 /* skill_seismicslam_d.png */ = {isa = PBXFileReference; lastKnownFileType = image.png; path = skill_seismicslam_d.png; sourceTree = "<group>"; };
		E97260661552B6B9006D5BB1 /* skill_seismicslam_n.png */ = {isa = PBXFileReference; lastKnownFileType = image.png; path = skill_seismicslam_n.png; sourceTree = "<group>"; };
		E97260681552B6BA006D5BB1 /* skill_whirlwind_d.png */ = {isa = PBXFileReference; lastKnownFileType = image.png; path = skill_whirlwind_d.png; sourceTree = "<group>"; };
		E97260691552B6BA006D5BB1 /* skill_whirlwind_n.png */ = {isa = PBXFileReference; lastKnownFileType = image.png; path = skill_whirlwind_n.png; sourceTree = "<group>"; };
		E972607C1552BA69006D5BB1 /* skill_groundstomp_d.png */ = {isa = PBXFileReference; lastKnownFileType = image.png; path = skill_groundstomp_d.png; sourceTree = "<group>"; };
		E972607D1552BA69006D5BB1 /* skill_groundstomp_n.png */ = {isa = PBXFileReference; lastKnownFileType = image.png; path = skill_groundstomp_n.png; sourceTree = "<group>"; };
		E972607F1552BA69006D5BB1 /* skill_ignorepain_d.png */ = {isa = PBXFileReference; lastKnownFileType = image.png; path = skill_ignorepain_d.png; sourceTree = "<group>"; };
		E97260801552BA69006D5BB1 /* skill_ignorepain_n.png */ = {isa = PBXFileReference; lastKnownFileType = image.png; path = skill_ignorepain_n.png; sourceTree = "<group>"; };
		E97260821552BA69006D5BB1 /* skill_leap_d.png */ = {isa = PBXFileReference; lastKnownFileType = image.png; path = skill_leap_d.png; sourceTree = "<group>"; };
		E97260831552BA69006D5BB1 /* skill_leap_n.png */ = {isa = PBXFileReference; lastKnownFileType = image.png; path = skill_leap_n.png; sourceTree = "<group>"; };
		E97260851552BA69006D5BB1 /* skill_sprint_d.png */ = {isa = PBXFileReference; lastKnownFileType = image.png; path = skill_sprint_d.png; sourceTree = "<group>"; };
		E97260861552BA69006D5BB1 /* skill_sprint_n.png */ = {isa = PBXFileReference; lastKnownFileType = image.png; path = skill_sprint_n.png; sourceTree = "<group>"; };
		E97260941552BC7A006D5BB1 /* skill_ancientspear_d.png */ = {isa = PBXFileReference; lastKnownFileType = image.png; path = skill_ancientspear_d.png; sourceTree = "<group>"; };
		E97260951552BC7A006D5BB1 /* skill_ancientspear_n.png */ = {isa = PBXFileReference; lastKnownFileType = image.png; path = skill_ancientspear_n.png; sourceTree = "<group>"; };
		E97260971552BC7A006D5BB1 /* skill_furiouscharge_d.png */ = {isa = PBXFileReference; lastKnownFileType = image.png; path = skill_furiouscharge_d.png; sourceTree = "<group>"; };
		E97260981552BC7A006D5BB1 /* skill_furiouscharge_n.png */ = {isa = PBXFileReference; lastKnownFileType = image.png; path = skill_furiouscharge_n.png; sourceTree = "<group>"; };
		E972609A1552BC7A006D5BB1 /* skill_overpower_d.png */ = {isa = PBXFileReference; lastKnownFileType = image.png; path = skill_overpower_d.png; sourceTree = "<group>"; };
		E972609B1552BC7A006D5BB1 /* skill_overpower_n.png */ = {isa = PBXFileReference; lastKnownFileType = image.png; path = skill_overpower_n.png; sourceTree = "<group>"; };
		E972609D1552BC7A006D5BB1 /* skill_revenge_d.png */ = {isa = PBXFileReference; lastKnownFileType = image.png; path = skill_revenge_d.png; sourceTree = "<group>"; };
		E972609E1552BC7A006D5BB1 /* skill_revenge_n.png */ = {isa = PBXFileReference; lastKnownFileType = image.png; path = skill_revenge_n.png; sourceTree = "<group>"; };
		E97260AC1552BE97006D5BB1 /* skill_battlerage_d.png */ = {isa = PBXFileReference; lastKnownFileType = image.png; path = skill_battlerage_d.png; sourceTree = "<group>"; };
		E97260AD1552BE97006D5BB1 /* skill_battlerage_n.png */ = {isa = PBXFileReference; lastKnownFileType = image.png; path = skill_battlerage_n.png; sourceTree = "<group>"; };
		E97260AF1552BE97006D5BB1 /* skill_threateningshout_d.png */ = {isa = PBXFileReference; lastKnownFileType = image.png; path = skill_threateningshout_d.png; sourceTree = "<group>"; };
		E97260B01552BE97006D5BB1 /* skill_threateningshout_n.png */ = {isa = PBXFileReference; lastKnownFileType = image.png; path = skill_threateningshout_n.png; sourceTree = "<group>"; };
		E97260B21552BE97006D5BB1 /* skill_warcry_d.png */ = {isa = PBXFileReference; lastKnownFileType = image.png; path = skill_warcry_d.png; sourceTree = "<group>"; };
		E97260B31552BE97006D5BB1 /* skill_warcry_n.png */ = {isa = PBXFileReference; lastKnownFileType = image.png; path = skill_warcry_n.png; sourceTree = "<group>"; };
		E97260B51552BE97006D5BB1 /* skill_weaponthrow_d.png */ = {isa = PBXFileReference; lastKnownFileType = image.png; path = skill_weaponthrow_d.png; sourceTree = "<group>"; };
		E97260B61552BE97006D5BB1 /* skill_weaponthrow_n.png */ = {isa = PBXFileReference; lastKnownFileType = image.png; path = skill_weaponthrow_n.png; sourceTree = "<group>"; };
		E97260C41552BF62006D5BB1 /* skill_calloftheancients_d.png */ = {isa = PBXFileReference; lastKnownFileType = image.png; path = skill_calloftheancients_d.png; sourceTree = "<group>"; };
		E97260C51552BF62006D5BB1 /* skill_calloftheancients_n.png */ = {isa = PBXFileReference; lastKnownFileType = image.png; path = skill_calloftheancients_n.png; sourceTree = "<group>"; };
		E97260C71552BF62006D5BB1 /* skill_earthquake_d.png */ = {isa = PBXFileReference; lastKnownFileType = image.png; path = skill_earthquake_d.png; sourceTree = "<group>"; };
		E97260C81552BF62006D5BB1 /* skill_earthquake_n.png */ = {isa = PBXFileReference; lastKnownFileType = image.png; path = skill_earthquake_n.png; sourceTree = "<group>"; };
		E97260CA1552BF62006D5BB1 /* skill_wrathoftheberserker_d.png */ = {isa = PBXFileReference; lastKnownFileType = image.png; path = skill_wrathoftheberserker_d.png; sourceTree = "<group>"; };
		E97260CB1552BF62006D5BB1 /* skill_wrathoftheberserker_n.png */ = {isa = PBXFileReference; lastKnownFileType = image.png; path = skill_wrathoftheberserker_n.png; sourceTree = "<group>"; };
		E976D87B1553BB3600FB489C /* SingleSkillDetailViewController.h */ = {isa = PBXFileReference; fileEncoding = 4; lastKnownFileType = sourcecode.c.h; path = SingleSkillDetailViewController.h; sourceTree = "<group>"; };
		E976D87C1553BB3600FB489C /* SingleSkillDetailViewController.m */ = {isa = PBXFileReference; fileEncoding = 4; lastKnownFileType = sourcecode.c.objc; path = SingleSkillDetailViewController.m; sourceTree = "<group>"; };
		E97DBDBB1550148400385A36 /* bt_forward@2x.png */ = {isa = PBXFileReference; lastKnownFileType = image.png; path = "bt_forward@2x.png"; sourceTree = "<group>"; };
		E97DBDC2155023AE00385A36 /* avatar_bar_f@2x.png */ = {isa = PBXFileReference; lastKnownFileType = image.png; path = "avatar_bar_f@2x.png"; sourceTree = "<group>"; };
		E97DBDC3155023AE00385A36 /* avatar_bar_m@2x.png */ = {isa = PBXFileReference; lastKnownFileType = image.png; path = "avatar_bar_m@2x.png"; sourceTree = "<group>"; };
		E97DBDC4155023AF00385A36 /* avatar_dh_f@2x.png */ = {isa = PBXFileReference; lastKnownFileType = image.png; path = "avatar_dh_f@2x.png"; sourceTree = "<group>"; };
		E97DBDC5155023AF00385A36 /* avatar_dh_m@2x.png */ = {isa = PBXFileReference; lastKnownFileType = image.png; path = "avatar_dh_m@2x.png"; sourceTree = "<group>"; };
		E97DBDC6155023AF00385A36 /* avatar_monk_f@2x.png */ = {isa = PBXFileReference; lastKnownFileType = image.png; path = "avatar_monk_f@2x.png"; sourceTree = "<group>"; };
		E97DBDC7155023AF00385A36 /* avatar_monk_m@2x.png */ = {isa = PBXFileReference; lastKnownFileType = image.png; path = "avatar_monk_m@2x.png"; sourceTree = "<group>"; };
		E97DBDC8155023AF00385A36 /* avatar_wd_f@2x.png */ = {isa = PBXFileReference; lastKnownFileType = image.png; path = "avatar_wd_f@2x.png"; sourceTree = "<group>"; };
		E97DBDC9155023AF00385A36 /* avatar_wd_m@2x.png */ = {isa = PBXFileReference; lastKnownFileType = image.png; path = "avatar_wd_m@2x.png"; sourceTree = "<group>"; };
		E97DBDCA155023AF00385A36 /* avatar_wz_f@2x.png */ = {isa = PBXFileReference; lastKnownFileType = image.png; path = "avatar_wz_f@2x.png"; sourceTree = "<group>"; };
		E97DBDCB155023AF00385A36 /* avatar_wz_m@2x.png */ = {isa = PBXFileReference; lastKnownFileType = image.png; path = "avatar_wz_m@2x.png"; sourceTree = "<group>"; };
		E97DBDD615502C6900385A36 /* bg_herorise@2x.png */ = {isa = PBXFileReference; lastKnownFileType = image.png; path = "bg_herorise@2x.png"; sourceTree = "<group>"; };
		E97DBDD815502EE000385A36 /* bg_heroeshall@2x.png */ = {isa = PBXFileReference; lastKnownFileType = image.png; path = "bg_heroeshall@2x.png"; sourceTree = "<group>"; };
		E97DBDDA1550354400385A36 /* bt_nextpage@2x.png */ = {isa = PBXFileReference; lastKnownFileType = image.png; path = "bt_nextpage@2x.png"; sourceTree = "<group>"; };
		E97DBDDC155039D200385A36 /* bt_skill_s@2x.png */ = {isa = PBXFileReference; lastKnownFileType = image.png; path = "bt_skill_s@2x.png"; sourceTree = "<group>"; };
		E97DBDDE1550479600385A36 /* bt_pskill_s@2x.png */ = {isa = PBXFileReference; lastKnownFileType = image.png; path = "bt_pskill_s@2x.png"; sourceTree = "<group>"; };
		E97DBDE715504FAC00385A36 /* BarbarianSkillDetailViewController.xib */ = {isa = PBXFileReference; fileEncoding = 4; lastKnownFileType = file.xib; path = BarbarianSkillDetailViewController.xib; sourceTree = "<group>"; };
		E97F3A6115541D32009FB7C6 /* HeroSkillDataSource.plist */ = {isa = PBXFileReference; fileEncoding = 4; lastKnownFileType = text.plist.xml; path = HeroSkillDataSource.plist; sourceTree = "<group>"; };
		E97F3A6615542180009FB7C6 /* en */ = {isa = PBXFileReference; lastKnownFileType = text.plist.strings; name = en; path = en.lproj/Localizable.strings; sourceTree = "<group>"; };
		E97F3A6A155421A7009FB7C6 /* zh-Hans */ = {isa = PBXFileReference; lastKnownFileType = text.plist.strings; name = "zh-Hans"; path = "zh-Hans.lproj/Localizable.strings"; sourceTree = "<group>"; };
		E97F3A6B155421A9009FB7C6 /* zh-Hant */ = {isa = PBXFileReference; lastKnownFileType = text.plist.strings; name = "zh-Hant"; path = "zh-Hant.lproj/Localizable.strings"; sourceTree = "<group>"; };
		E980AD1915509398003D7179 /* HeroSkillDetailViewController.h */ = {isa = PBXFileReference; fileEncoding = 4; lastKnownFileType = sourcecode.c.h; path = HeroSkillDetailViewController.h; sourceTree = "<group>"; };
		E980AD1A15509398003D7179 /* HeroSkillDetailViewController.m */ = {isa = PBXFileReference; fileEncoding = 4; lastKnownFileType = sourcecode.c.objc; path = HeroSkillDetailViewController.m; sourceTree = "<group>"; };
		E99489D21557EC8A0028AB94 /* skill_animosity_d.png */ = {isa = PBXFileReference; lastKnownFileType = image.png; path = skill_animosity_d.png; sourceTree = "<group>"; };
		E99489D31557EC8A0028AB94 /* skill_animosity_n.png */ = {isa = PBXFileReference; lastKnownFileType = image.png; path = skill_animosity_n.png; sourceTree = "<group>"; };
		E99489D41557EC8A0028AB94 /* skill_berserkerrage_d.png */ = {isa = PBXFileReference; lastKnownFileType = image.png; path = skill_berserkerrage_d.png; sourceTree = "<group>"; };
		E99489D51557EC8A0028AB94 /* skill_berserkerrage_n.png */ = {isa = PBXFileReference; lastKnownFileType = image.png; path = skill_berserkerrage_n.png; sourceTree = "<group>"; };
		E99489D61557EC8A0028AB94 /* skill_bloodthirst_d.png */ = {isa = PBXFileReference; lastKnownFileType = image.png; path = skill_bloodthirst_d.png; sourceTree = "<group>"; };
		E99489D71557EC8A0028AB94 /* skill_bloodthirst_n.png */ = {isa = PBXFileReference; lastKnownFileType = image.png; path = skill_bloodthirst_n.png; sourceTree = "<group>"; };
		E99489D81557EC8A0028AB94 /* skill_boonofbulkathos_d.png */ = {isa = PBXFileReference; lastKnownFileType = image.png; path = skill_boonofbulkathos_d.png; sourceTree = "<group>"; };
		E99489D91557EC8A0028AB94 /* skill_boonofbulkathos_n.png */ = {isa = PBXFileReference; lastKnownFileType = image.png; path = skill_boonofbulkathos_n.png; sourceTree = "<group>"; };
		E99489DA1557EC8A0028AB94 /* skill_brawler_d.png */ = {isa = PBXFileReference; lastKnownFileType = image.png; path = skill_brawler_d.png; sourceTree = "<group>"; };
		E99489DB1557EC8A0028AB94 /* skill_brawler_n.png */ = {isa = PBXFileReference; lastKnownFileType = image.png; path = skill_brawler_n.png; sourceTree = "<group>"; };
		E99489DC1557EC8A0028AB94 /* skill_inspiringpresence_d.png */ = {isa = PBXFileReference; lastKnownFileType = image.png; path = skill_inspiringpresence_d.png; sourceTree = "<group>"; };
		E99489DD1557EC8A0028AB94 /* skill_inspiringpresence_n.png */ = {isa = PBXFileReference; lastKnownFileType = image.png; path = skill_inspiringpresence_n.png; sourceTree = "<group>"; };
		E99489DE1557EC8A0028AB94 /* skill_juggernaut_d.png */ = {isa = PBXFileReference; lastKnownFileType = image.png; path = skill_juggernaut_d.png; sourceTree = "<group>"; };
		E99489DF1557EC8A0028AB94 /* skill_juggernaut_n.png */ = {isa = PBXFileReference; lastKnownFileType = image.png; path = skill_juggernaut_n.png; sourceTree = "<group>"; };
		E99489E01557EC8A0028AB94 /* skill_nervesofsteel_d.png */ = {isa = PBXFileReference; lastKnownFileType = image.png; path = skill_nervesofsteel_d.png; sourceTree = "<group>"; };
		E99489E11557EC8A0028AB94 /* skill_nervesofsteel_n.png */ = {isa = PBXFileReference; lastKnownFileType = image.png; path = skill_nervesofsteel_n.png; sourceTree = "<group>"; };
		E99489E21557EC8A0028AB94 /* skill_noescape_d.png */ = {isa = PBXFileReference; lastKnownFileType = image.png; path = skill_noescape_d.png; sourceTree = "<group>"; };
		E99489E31557EC8A0028AB94 /* skill_noescape_n.png */ = {isa = PBXFileReference; lastKnownFileType = image.png; path = skill_noescape_n.png; sourceTree = "<group>"; };
		E99489E41557EC8A0028AB94 /* skill_poundofflesh_d.png */ = {isa = PBXFileReference; lastKnownFileType = image.png; path = skill_poundofflesh_d.png; sourceTree = "<group>"; };
		E99489E51557EC8A0028AB94 /* skill_poundofflesh_n.png */ = {isa = PBXFileReference; lastKnownFileType = image.png; path = skill_poundofflesh_n.png; sourceTree = "<group>"; };
		E99489E61557EC8A0028AB94 /* skill_relentless_d.png */ = {isa = PBXFileReference; lastKnownFileType = image.png; path = skill_relentless_d.png; sourceTree = "<group>"; };
		E99489E71557EC8A0028AB94 /* skill_relentless_n.png */ = {isa = PBXFileReference; lastKnownFileType = image.png; path = skill_relentless_n.png; sourceTree = "<group>"; };
		E99489E81557EC8A0028AB94 /* skill_ruthless_d.png */ = {isa = PBXFileReference; lastKnownFileType = image.png; path = skill_ruthless_d.png; sourceTree = "<group>"; };
		E99489E91557EC8A0028AB94 /* skill_ruthless_n.png */ = {isa = PBXFileReference; lastKnownFileType = image.png; path = skill_ruthless_n.png; sourceTree = "<group>"; };
		E99489EA1557EC8A0028AB94 /* skill_superstition_d.png */ = {isa = PBXFileReference; lastKnownFileType = image.png; path = skill_superstition_d.png; sourceTree = "<group>"; };
		E99489EB1557EC8A0028AB94 /* skill_superstition_n.png */ = {isa = PBXFileReference; lastKnownFileType = image.png; path = skill_superstition_n.png; sourceTree = "<group>"; };
		E99489EC1557EC8A0028AB94 /* skill_toughasnails_d.png */ = {isa = PBXFileReference; lastKnownFileType = image.png; path = skill_toughasnails_d.png; sourceTree = "<group>"; };
		E99489ED1557EC8A0028AB94 /* skill_toughasnails_n.png */ = {isa = PBXFileReference; lastKnownFileType = image.png; path = skill_toughasnails_n.png; sourceTree = "<group>"; };
		E99489EE1557EC8A0028AB94 /* skill_unforgiving_d.png */ = {isa = PBXFileReference; lastKnownFileType = image.png; path = skill_unforgiving_d.png; sourceTree = "<group>"; };
		E99489EF1557EC8A0028AB94 /* skill_unforgiving_n.png */ = {isa = PBXFileReference; lastKnownFileType = image.png; path = skill_unforgiving_n.png; sourceTree = "<group>"; };
		E99489F01557EC8A0028AB94 /* skill_weaponsmaster_d.png */ = {isa = PBXFileReference; lastKnownFileType = image.png; path = skill_weaponsmaster_d.png; sourceTree = "<group>"; };
		E99489F11557EC8A0028AB94 /* skill_weaponsmaster_n.png */ = {isa = PBXFileReference; lastKnownFileType = image.png; path = skill_weaponsmaster_n.png; sourceTree = "<group>"; };
		E9948A1815580AF00028AB94 /* DetailTextView.h */ = {isa = PBXFileReference; fileEncoding = 4; lastKnownFileType = sourcecode.c.h; path = DetailTextView.h; sourceTree = "<group>"; };
		E9948A1915580AF00028AB94 /* DetailTextView.m */ = {isa = PBXFileReference; fileEncoding = 4; lastKnownFileType = sourcecode.c.objc; path = DetailTextView.m; sourceTree = "<group>"; };
		E9948A1B15580B250028AB94 /* CoreText.framework */ = {isa = PBXFileReference; lastKnownFileType = wrapper.framework; name = CoreText.framework; path = System/Library/Frameworks/CoreText.framework; sourceTree = SDKROOT; };
		E996F9411558228800487C85 /* bg_singleskilldetailboard@2x.png */ = {isa = PBXFileReference; lastKnownFileType = image.png; path = "bg_singleskilldetailboard@2x.png"; sourceTree = "<group>"; };
		E99E29F6154EF45800FFE046 /* hero_bar_f.gif */ = {isa = PBXFileReference; lastKnownFileType = image.gif; path = hero_bar_f.gif; sourceTree = "<group>"; };
		E99E29F7154EF45800FFE046 /* hero_dh_m.gif */ = {isa = PBXFileReference; lastKnownFileType = image.gif; path = hero_dh_m.gif; sourceTree = "<group>"; };
		E99E29F8154EF45800FFE046 /* hero_monk_f.gif */ = {isa = PBXFileReference; lastKnownFileType = image.gif; path = hero_monk_f.gif; sourceTree = "<group>"; };
		E99E29F9154EF45800FFE046 /* hero_wd_f.gif */ = {isa = PBXFileReference; lastKnownFileType = image.gif; path = hero_wd_f.gif; sourceTree = "<group>"; };
		E99E29FA154EF45800FFE046 /* hero_wz_m.gif */ = {isa = PBXFileReference; lastKnownFileType = image.gif; path = hero_wz_m.gif; sourceTree = "<group>"; };
		E99E2A08154F2DCD00FFE046 /* bg_sex@2x.png */ = {isa = PBXFileReference; lastKnownFileType = image.png; path = "bg_sex@2x.png"; sourceTree = "<group>"; };
		E99E2A0A154F34D000FFE046 /* bt_female_s@2x.png */ = {isa = PBXFileReference; lastKnownFileType = image.png; path = "bt_female_s@2x.png"; sourceTree = "<group>"; };
		E99E2A0B154F34D000FFE046 /* bt_female@2x.png */ = {isa = PBXFileReference; lastKnownFileType = image.png; path = "bt_female@2x.png"; sourceTree = "<group>"; };
		E99E2A0C154F34D000FFE046 /* bt_male_s@2x.png */ = {isa = PBXFileReference; lastKnownFileType = image.png; path = "bt_male_s@2x.png"; sourceTree = "<group>"; };
		E99E2A0D154F34D100FFE046 /* bt_male@2x.png */ = {isa = PBXFileReference; lastKnownFileType = image.png; path = "bt_male@2x.png"; sourceTree = "<group>"; };
		E9BC3AB2155AEC85006C08D5 /* skillround_highlight.png */ = {isa = PBXFileReference; lastKnownFileType = image.png; path = skillround_highlight.png; sourceTree = "<group>"; };
		E9BC3AB3155AEC85006C08D5 /* skillrect_highlight.png */ = {isa = PBXFileReference; lastKnownFileType = image.png; path = skillrect_highlight.png; sourceTree = "<group>"; };
		E9CABAF51554EF3C00773ACF /* mash_selected_area@2x.png */ = {isa = PBXFileReference; lastKnownFileType = image.png; path = "mash_selected_area@2x.png"; sourceTree = "<group>"; };
		E9CABAF71554F1EF00773ACF /* bt_skillboard_close@2x.png */ = {isa = PBXFileReference; lastKnownFileType = image.png; path = "bt_skillboard_close@2x.png"; sourceTree = "<group>"; };
		E9CFD3FC154B125A005D3760 /* DiabloIIIHeroesHall.app */ = {isa = PBXFileReference; explicitFileType = wrapper.application; includeInIndex = 0; path = DiabloIIIHeroesHall.app; sourceTree = BUILT_PRODUCTS_DIR; };
		E9CFD400154B125A005D3760 /* UIKit.framework */ = {isa = PBXFileReference; lastKnownFileType = wrapper.framework; name = UIKit.framework; path = System/Library/Frameworks/UIKit.framework; sourceTree = SDKROOT; };
		E9CFD402154B125A005D3760 /* Foundation.framework */ = {isa = PBXFileReference; lastKnownFileType = wrapper.framework; name = Foundation.framework; path = System/Library/Frameworks/Foundation.framework; sourceTree = SDKROOT; };
		E9CFD404154B125A005D3760 /* CoreGraphics.framework */ = {isa = PBXFileReference; lastKnownFileType = wrapper.framework; name = CoreGraphics.framework; path = System/Library/Frameworks/CoreGraphics.framework; sourceTree = SDKROOT; };
		E9CFD408154B125A005D3760 /* DiabloIIIHeroesHall-Info.plist */ = {isa = PBXFileReference; lastKnownFileType = text.plist.xml; path = "DiabloIIIHeroesHall-Info.plist"; sourceTree = "<group>"; };
		E9CFD40A154B125A005D3760 /* en */ = {isa = PBXFileReference; lastKnownFileType = text.plist.strings; name = en; path = en.lproj/InfoPlist.strings; sourceTree = "<group>"; };
		E9CFD40C154B125A005D3760 /* main.m */ = {isa = PBXFileReference; lastKnownFileType = sourcecode.c.objc; path = main.m; sourceTree = "<group>"; };
		E9CFD40E154B125A005D3760 /* DiabloIIIHeroesHall-Prefix.pch */ = {isa = PBXFileReference; lastKnownFileType = sourcecode.c.h; path = "DiabloIIIHeroesHall-Prefix.pch"; sourceTree = "<group>"; };
		E9CFD40F154B125A005D3760 /* AppDelegate.h */ = {isa = PBXFileReference; lastKnownFileType = sourcecode.c.h; path = AppDelegate.h; sourceTree = "<group>"; };
		E9CFD410154B125A005D3760 /* AppDelegate.m */ = {isa = PBXFileReference; lastKnownFileType = sourcecode.c.objc; path = AppDelegate.m; sourceTree = "<group>"; };
		E9CFD419154B12C1005D3760 /* Application.xib */ = {isa = PBXFileReference; fileEncoding = 4; lastKnownFileType = file.xib; path = Application.xib; sourceTree = "<group>"; };
		E9CFD421154B18EC005D3760 /* HeroesHallViewController.h */ = {isa = PBXFileReference; fileEncoding = 4; lastKnownFileType = sourcecode.c.h; path = HeroesHallViewController.h; sourceTree = "<group>"; };
		E9CFD422154B18EC005D3760 /* HeroesHallViewController.m */ = {isa = PBXFileReference; fileEncoding = 4; lastKnownFileType = sourcecode.c.objc; path = HeroesHallViewController.m; sourceTree = "<group>"; };
		E9CFD423154B18EC005D3760 /* HeroesHallViewController.xib */ = {isa = PBXFileReference; fileEncoding = 4; lastKnownFileType = file.xib; path = HeroesHallViewController.xib; sourceTree = "<group>"; };
		E9D8507B154CFDCB00AD2153 /* hero_bar_m.gif */ = {isa = PBXFileReference; lastKnownFileType = image.gif; path = hero_bar_m.gif; sourceTree = "<group>"; };
		E9D9F22F154D1B2700DABCE8 /* bg_heroshall_rect@2x.png */ = {isa = PBXFileReference; lastKnownFileType = image.png; path = "bg_heroshall_rect@2x.png"; sourceTree = "<group>"; };
		E9D9F242154D259000DABCE8 /* bt_hero@2x.png */ = {isa = PBXFileReference; lastKnownFileType = image.png; path = "bt_hero@2x.png"; sourceTree = "<group>"; };
		E9D9F243154D259000DABCE8 /* bt_hero_s@2x.png */ = {isa = PBXFileReference; lastKnownFileType = image.png; path = "bt_hero_s@2x.png"; sourceTree = "<group>"; };
		E9D9F2BC154D302600DABCE8 /* ft_herorise_rect@2x.png */ = {isa = PBXFileReference; lastKnownFileType = image.png; path = "ft_herorise_rect@2x.png"; sourceTree = "<group>"; };
		E9D9F2BE154D306900DABCE8 /* tt_herorise@2x.png */ = {isa = PBXFileReference; lastKnownFileType = image.png; path = "tt_herorise@2x.png"; sourceTree = "<group>"; };
		E9D9F2CC154D43F700DABCE8 /* bg_topbar@2x.png */ = {isa = PBXFileReference; lastKnownFileType = image.png; path = "bg_topbar@2x.png"; sourceTree = "<group>"; };
		E9D9F2CF154D451100DABCE8 /* bt_back@2x.png */ = {isa = PBXFileReference; lastKnownFileType = image.png; path = "bt_back@2x.png"; sourceTree = "<group>"; };
		E9D9F2D6154D5EAA00DABCE8 /* bt_heroeshall_create@2x.png */ = {isa = PBXFileReference; lastKnownFileType = image.png; path = "bt_heroeshall_create@2x.png"; sourceTree = "<group>"; };
		E9DF3CEE1558D00C0088FDDC /* skill_bash_n.png */ = {isa = PBXFileReference; lastKnownFileType = image.png; path = skill_bash_n.png; sourceTree = "<group>"; };
		E9DF3CEF1558D00C0088FDDC /* skill_cleave_n.png */ = {isa = PBXFileReference; lastKnownFileType = image.png; path = skill_cleave_n.png; sourceTree = "<group>"; };
		E9DF3CF01558D00C0088FDDC /* skill_frenzy_n.png */ = {isa = PBXFileReference; lastKnownFileType = image.png; path = skill_frenzy_n.png; sourceTree = "<group>"; };
		E9EFE655154FEDED00C01F3C /* HeroSkillBoardViewController.h */ = {isa = PBXFileReference; fileEncoding = 4; lastKnownFileType = sourcecode.c.h; path = HeroSkillBoardViewController.h; sourceTree = "<group>"; };
		E9EFE656154FEDED00C01F3C /* HeroSkillBoardViewController.m */ = {isa = PBXFileReference; fileEncoding = 4; lastKnownFileType = sourcecode.c.objc; path = HeroSkillBoardViewController.m; sourceTree = "<group>"; };
		E9EFE657154FEDED00C01F3C /* HeroSkillBoardViewController.xib */ = {isa = PBXFileReference; fileEncoding = 4; lastKnownFileType = file.xib; path = HeroSkillBoardViewController.xib; sourceTree = "<group>"; };
		E9EFE65A154FEEDE00C01F3C /* bg_skillboard@2x.png */ = {isa = PBXFileReference; lastKnownFileType = image.png; path = "bg_skillboard@2x.png"; sourceTree = "<group>"; };
		E9EFE667154FF63F00C01F3C /* UINavigationController.h */ = {isa = PBXFileReference; fileEncoding = 4; lastKnownFileType = sourcecode.c.h; path = UINavigationController.h; sourceTree = "<group>"; };
		E9EFE668154FF63F00C01F3C /* UINavigationController.m */ = {isa = PBXFileReference; fileEncoding = 4; lastKnownFileType = sourcecode.c.objc; path = UINavigationController.m; sourceTree = "<group>"; };
		E9FD724E154E73A300CC9F39 /* QuartzCore.framework */ = {isa = PBXFileReference; lastKnownFileType = wrapper.framework; name = QuartzCore.framework; path = System/Library/Frameworks/QuartzCore.framework; sourceTree = SDKROOT; };
		E9FD7269154E883F00CC9F39 /* iCarousel.m */ = {isa = PBXFileReference; fileEncoding = 4; lastKnownFileType = sourcecode.c.objc; path = iCarousel.m; sourceTree = "<group>"; };
		E9FD726A154E883F00CC9F39 /* iCarousel.h */ = {isa = PBXFileReference; fileEncoding = 4; lastKnownFileType = sourcecode.c.h; path = iCarousel.h; sourceTree = "<group>"; };
		E9FD726F154E99B600CC9F39 /* hero_dh_f.gif */ = {isa = PBXFileReference; lastKnownFileType = image.gif; path = hero_dh_f.gif; sourceTree = "<group>"; };
		E9FD7270154E99B600CC9F39 /* hero_monk_m.gif */ = {isa = PBXFileReference; lastKnownFileType = image.gif; path = hero_monk_m.gif; sourceTree = "<group>"; };
		E9FD7271154E99B600CC9F39 /* hero_wd_m.gif */ = {isa = PBXFileReference; lastKnownFileType = image.gif; path = hero_wd_m.gif; sourceTree = "<group>"; };
		E9FD7272154E99B600CC9F39 /* hero_wz_f.gif */ = {isa = PBXFileReference; lastKnownFileType = image.gif; path = hero_wz_f.gif; sourceTree = "<group>"; };
/* End PBXFileReference section */

/* Begin PBXFrameworksBuildPhase section */
		E9CFD3F9154B125A005D3760 /* Frameworks */ = {
			isa = PBXFrameworksBuildPhase;
			buildActionMask = 2147483647;
			files = (
				E9948A1C15580B250028AB94 /* CoreText.framework in Frameworks */,
				E9FD724F154E73A300CC9F39 /* QuartzCore.framework in Frameworks */,
				E9CFD401154B125A005D3760 /* UIKit.framework in Frameworks */,
				E9CFD403154B125A005D3760 /* Foundation.framework in Frameworks */,
				E9CFD405154B125A005D3760 /* CoreGraphics.framework in Frameworks */,
			);
			runOnlyForDeploymentPostprocessing = 0;
		};
/* End PBXFrameworksBuildPhase section */

/* Begin PBXGroup section */
		E911F29B155681C90082DE9A /* Rune */ = {
			isa = PBXGroup;
			children = (
				E911F29D155681D90082DE9A /* 5@2x.png */,
				E911F29E155681D90082DE9A /* 4@2x.png */,
				E911F29F155681D90082DE9A /* 0@2x.png */,
				E911F2A0155681D90082DE9A /* 1@2x.png */,
				E911F2A1155681D90082DE9A /* 3@2x.png */,
				E911F2A2155681D90082DE9A /* 2@2x.png */,
			);
			name = Rune;
			sourceTree = "<group>";
		};
		E94C5ACC15525CF800B0F10D /* Avatar */ = {
			isa = PBXGroup;
			children = (
				E97DBDC2155023AE00385A36 /* avatar_bar_f@2x.png */,
				E97DBDC3155023AE00385A36 /* avatar_bar_m@2x.png */,
				E97DBDC4155023AF00385A36 /* avatar_dh_f@2x.png */,
				E97DBDC5155023AF00385A36 /* avatar_dh_m@2x.png */,
				E97DBDC6155023AF00385A36 /* avatar_monk_f@2x.png */,
				E97DBDC7155023AF00385A36 /* avatar_monk_m@2x.png */,
				E97DBDC8155023AF00385A36 /* avatar_wd_f@2x.png */,
				E97DBDC9155023AF00385A36 /* avatar_wd_m@2x.png */,
				E97DBDCA155023AF00385A36 /* avatar_wz_f@2x.png */,
				E97DBDCB155023AF00385A36 /* avatar_wz_m@2x.png */,
			);
			name = Avatar;
			sourceTree = "<group>";
		};
		E94C5ACD15525D1600B0F10D /* Button */ = {
			isa = PBXGroup;
			children = (
				E9CABAF71554F1EF00773ACF /* bt_skillboard_close@2x.png */,
				E97DBDDA1550354400385A36 /* bt_nextpage@2x.png */,
				E97DBDBB1550148400385A36 /* bt_forward@2x.png */,
				E99E2A0A154F34D000FFE046 /* bt_female_s@2x.png */,
				E99E2A0B154F34D000FFE046 /* bt_female@2x.png */,
				E99E2A0C154F34D000FFE046 /* bt_male_s@2x.png */,
				E99E2A0D154F34D100FFE046 /* bt_male@2x.png */,
				E9D9F2D6154D5EAA00DABCE8 /* bt_heroeshall_create@2x.png */,
				E9D9F2CF154D451100DABCE8 /* bt_back@2x.png */,
				E9D9F242154D259000DABCE8 /* bt_hero@2x.png */,
				E9D9F243154D259000DABCE8 /* bt_hero_s@2x.png */,
				E97DBDDC155039D200385A36 /* bt_skill_s@2x.png */,
				E97DBDDE1550479600385A36 /* bt_pskill_s@2x.png */,
			);
			name = Button;
			sourceTree = "<group>";
		};
		E94C5ACE15525D4500B0F10D /* Background */ = {
			isa = PBXGroup;
			children = (
				E99E2A08154F2DCD00FFE046 /* bg_sex@2x.png */,
				E9D9F2CC154D43F700DABCE8 /* bg_topbar@2x.png */,
				E97DBDD615502C6900385A36 /* bg_herorise@2x.png */,
				E9D9F22F154D1B2700DABCE8 /* bg_heroshall_rect@2x.png */,
				E97DBDD815502EE000385A36 /* bg_heroeshall@2x.png */,
				E9EFE65A154FEEDE00C01F3C /* bg_skillboard@2x.png */,
				E94C5AC815517BC800B0F10D /* bg_skilldetailboard@2x.png */,
				E996F9411558228800487C85 /* bg_singleskilldetailboard@2x.png */,
			);
			name = Background;
			sourceTree = "<group>";
		};
		E94C5ACF15525D5E00B0F10D /* Other */ = {
			isa = PBXGroup;
			children = (
				E9BC3AB2155AEC85006C08D5 /* skillround_highlight.png */,
				E9BC3AB3155AEC85006C08D5 /* skillrect_highlight.png */,
				E9CABAF51554EF3C00773ACF /* mash_selected_area@2x.png */,
				E9D9F2BE154D306900DABCE8 /* tt_herorise@2x.png */,
				E9D9F2BC154D302600DABCE8 /* ft_herorise_rect@2x.png */,
			);
			name = Other;
			sourceTree = "<group>";
		};
		E94C5AD015525D6500B0F10D /* Skill */ = {
			isa = PBXGroup;
			children = (
				E94C5AE315525D8200B0F10D /* Barbarian */,
			);
			name = Skill;
			sourceTree = "<group>";
		};
		E94C5AE315525D8200B0F10D /* Barbarian */ = {
			isa = PBXGroup;
			children = (
				E99489CF1557E3B40028AB94 /* Initiative */,
				E99489D11557E3C70028AB94 /* Passive */,
			);
			name = Barbarian;
			sourceTree = "<group>";
		};
		E96AB65615507D6200475346 /* AppDelegate */ = {
			isa = PBXGroup;
			children = (
				E9CFD40F154B125A005D3760 /* AppDelegate.h */,
				E9CFD410154B125A005D3760 /* AppDelegate.m */,
			);
			name = AppDelegate;
			sourceTree = "<group>";
		};
		E96AB65715507D9000475346 /* PrimaryViewController */ = {
			isa = PBXGroup;
			children = (
				E9CFD421154B18EC005D3760 /* HeroesHallViewController.h */,
				E9CFD422154B18EC005D3760 /* HeroesHallViewController.m */,
				E92A15BC154C000E00C96E0B /* HeroRiseViewController.h */,
				E92A15BD154C000E00C96E0B /* HeroRiseViewController.m */,
				E9EFE655154FEDED00C01F3C /* HeroSkillBoardViewController.h */,
				E9EFE656154FEDED00C01F3C /* HeroSkillBoardViewController.m */,
			);
			name = PrimaryViewController;
			sourceTree = "<group>";
		};
		E96AB65815507DBF00475346 /* SecondaryViewController */ = {
			isa = PBXGroup;
			children = (
				E96AB63A1550607E00475346 /* BarbarianSkillDetailViewController.h */,
				E96AB63B1550607E00475346 /* BarbarianSkillDetailViewController.m */,
				E96AB63F15507B8900475346 /* DemonHunterSkillDetailViewController.h */,
				E96AB64015507B8900475346 /* DemonHunterSkillDetailViewController.m */,
				E96AB64715507D1000475346 /* MonkSkillDetailViewController.h */,
				E96AB64815507D1000475346 /* MonkSkillDetailViewController.m */,
				E96AB64C15507D3400475346 /* WitchDoctorSkillDetailViewController.h */,
				E96AB64D15507D3400475346 /* WitchDoctorSkillDetailViewController.m */,
				E96AB65115507D5200475346 /* WizardSkillDetailViewController.h */,
				E96AB65215507D5200475346 /* WizardSkillDetailViewController.m */,
				E976D87B1553BB3600FB489C /* SingleSkillDetailViewController.h */,
				E976D87C1553BB3600FB489C /* SingleSkillDetailViewController.m */,
			);
			name = SecondaryViewController;
			sourceTree = "<group>";
		};
		E972605D1552B6A9006D5BB1 /* Primary */ = {
			isa = PBXGroup;
			children = (
				E9DF3CEE1558D00C0088FDDC /* skill_bash_n.png */,
				E94C5AD115525D7400B0F10D /* skill_bash_d.png */,
				E9DF3CEF1558D00C0088FDDC /* skill_cleave_n.png */,
				E94C5AD415525D7400B0F10D /* skill_cleave_d.png */,
				E9DF3CF01558D00C0088FDDC /* skill_frenzy_n.png */,
				E94C5AD715525D7400B0F10D /* skill_frenzy_d.png */,
			);
			name = Primary;
			sourceTree = "<group>";
		};
		E97260771552B6BF006D5BB1 /* Secondary */ = {
			isa = PBXGroup;
			children = (
				E972605F1552B6B9006D5BB1 /* skill_hammeroftheancients_d.png */,
				E97260601552B6B9006D5BB1 /* skill_hammeroftheancients_n.png */,
				E97260621552B6B9006D5BB1 /* skill_rend_d.png */,
				E97260631552B6B9006D5BB1 /* skill_rend_n.png */,
				E97260651552B6B9006D5BB1 /* skill_seismicslam_d.png */,
				E97260661552B6B9006D5BB1 /* skill_seismicslam_n.png */,
				E97260681552B6BA006D5BB1 /* skill_whirlwind_d.png */,
				E97260691552B6BA006D5BB1 /* skill_whirlwind_n.png */,
			);
			name = Secondary;
			sourceTree = "<group>";
		};
		E97260781552B73A006D5BB1 /* Defensive */ = {
			isa = PBXGroup;
			children = (
				E972607C1552BA69006D5BB1 /* skill_groundstomp_d.png */,
				E972607D1552BA69006D5BB1 /* skill_groundstomp_n.png */,
				E97260821552BA69006D5BB1 /* skill_leap_d.png */,
				E97260831552BA69006D5BB1 /* skill_leap_n.png */,
				E97260851552BA69006D5BB1 /* skill_sprint_d.png */,
				E97260861552BA69006D5BB1 /* skill_sprint_n.png */,
				E972607F1552BA69006D5BB1 /* skill_ignorepain_d.png */,
				E97260801552BA69006D5BB1 /* skill_ignorepain_n.png */,
			);
			name = Defensive;
			sourceTree = "<group>";
		};
		E97260791552B76A006D5BB1 /* Might */ = {
			isa = PBXGroup;
			children = (
				E97260941552BC7A006D5BB1 /* skill_ancientspear_d.png */,
				E97260951552BC7A006D5BB1 /* skill_ancientspear_n.png */,
				E972609D1552BC7A006D5BB1 /* skill_revenge_d.png */,
				E972609E1552BC7A006D5BB1 /* skill_revenge_n.png */,
				E97260971552BC7A006D5BB1 /* skill_furiouscharge_d.png */,
				E97260981552BC7A006D5BB1 /* skill_furiouscharge_n.png */,
				E972609A1552BC7A006D5BB1 /* skill_overpower_d.png */,
				E972609B1552BC7A006D5BB1 /* skill_overpower_n.png */,
			);
			name = Might;
			sourceTree = "<group>";
		};
		E972607A1552B77F006D5BB1 /* Tactics */ = {
			isa = PBXGroup;
			children = (
				E97260B51552BE97006D5BB1 /* skill_weaponthrow_d.png */,
				E97260B61552BE97006D5BB1 /* skill_weaponthrow_n.png */,
				E97260AF1552BE97006D5BB1 /* skill_threateningshout_d.png */,
				E97260B01552BE97006D5BB1 /* skill_threateningshout_n.png */,
				E97260AC1552BE97006D5BB1 /* skill_battlerage_d.png */,
				E97260AD1552BE97006D5BB1 /* skill_battlerage_n.png */,
				E97260B21552BE97006D5BB1 /* skill_warcry_d.png */,
				E97260B31552BE97006D5BB1 /* skill_warcry_n.png */,
			);
			name = Tactics;
			sourceTree = "<group>";
		};
		E972607B1552B789006D5BB1 /* Rage */ = {
			isa = PBXGroup;
			children = (
				E97260C71552BF62006D5BB1 /* skill_earthquake_d.png */,
				E97260C81552BF62006D5BB1 /* skill_earthquake_n.png */,
				E97260C41552BF62006D5BB1 /* skill_calloftheancients_d.png */,
				E97260C51552BF62006D5BB1 /* skill_calloftheancients_n.png */,
				E97260CA1552BF62006D5BB1 /* skill_wrathoftheberserker_d.png */,
				E97260CB1552BF62006D5BB1 /* skill_wrathoftheberserker_n.png */,
			);
			name = Rage;
			sourceTree = "<group>";
		};
		E980AD13155092B6003D7179 /* Custom */ = {
			isa = PBXGroup;
			children = (
				E980AD1915509398003D7179 /* HeroSkillDetailViewController.h */,
				E980AD1A15509398003D7179 /* HeroSkillDetailViewController.m */,
			);
			name = Custom;
			sourceTree = "<group>";
		};
		E980AD1C1550A32D003D7179 /* AppDelegate */ = {
			isa = PBXGroup;
			children = (
				E9CFD419154B12C1005D3760 /* Application.xib */,
			);
			name = AppDelegate;
			sourceTree = "<group>";
		};
		E980AD1D1550A33D003D7179 /* PrimaryViewController */ = {
			isa = PBXGroup;
			children = (
				E9CFD423154B18EC005D3760 /* HeroesHallViewController.xib */,
				E92A15BE154C000E00C96E0B /* HeroRiseViewController.xib */,
				E9EFE657154FEDED00C01F3C /* HeroSkillBoardViewController.xib */,
			);
			name = PrimaryViewController;
			sourceTree = "<group>";
		};
		E980AD1E1550A362003D7179 /* SecondaryViewController */ = {
			isa = PBXGroup;
			children = (
				E97DBDE715504FAC00385A36 /* BarbarianSkillDetailViewController.xib */,
				E96AB64115507B8900475346 /* DemonHunterSkillDetailViewController.xib */,
				E96AB64915507D1000475346 /* MonkSkillDetailViewController.xib */,
				E96AB64E15507D3400475346 /* WitchDoctorSkillDetailViewController.xib */,
				E96AB65315507D5200475346 /* WizardSkillDetailViewController.xib */,
			);
			name = SecondaryViewController;
			sourceTree = "<group>";
		};
		E980AD1F1550A483003D7179 /* Retina */ = {
			isa = PBXGroup;
			children = (
				E911F29B155681C90082DE9A /* Rune */,
				E94C5AD015525D6500B0F10D /* Skill */,
				E94C5ACC15525CF800B0F10D /* Avatar */,
				E94C5ACD15525D1600B0F10D /* Button */,
				E94C5ACE15525D4500B0F10D /* Background */,
				E94C5ACF15525D5E00B0F10D /* Other */,
			);
			name = Retina;
			sourceTree = "<group>";
		};
		E980AD201550A498003D7179 /* Normal */ = {
			isa = PBXGroup;
			children = (
				E92A15CD154C1E1800C96E0B /* icon.png */,
				E92A15CB154C0B4100C96E0B /* Default.png */,
			);
			name = Normal;
			sourceTree = "<group>";
		};
		E99489CF1557E3B40028AB94 /* Initiative */ = {
			isa = PBXGroup;
			children = (
				E972605D1552B6A9006D5BB1 /* Primary */,
				E97260771552B6BF006D5BB1 /* Secondary */,
				E97260781552B73A006D5BB1 /* Defensive */,
				E97260791552B76A006D5BB1 /* Might */,
				E972607A1552B77F006D5BB1 /* Tactics */,
				E972607B1552B789006D5BB1 /* Rage */,
			);
			name = Initiative;
			sourceTree = "<group>";
		};
		E99489D11557E3C70028AB94 /* Passive */ = {
			isa = PBXGroup;
			children = (
				E99489D21557EC8A0028AB94 /* skill_animosity_d.png */,
				E99489D31557EC8A0028AB94 /* skill_animosity_n.png */,
				E99489D41557EC8A0028AB94 /* skill_berserkerrage_d.png */,
				E99489D51557EC8A0028AB94 /* skill_berserkerrage_n.png */,
				E99489D61557EC8A0028AB94 /* skill_bloodthirst_d.png */,
				E99489D71557EC8A0028AB94 /* skill_bloodthirst_n.png */,
				E99489D81557EC8A0028AB94 /* skill_boonofbulkathos_d.png */,
				E99489D91557EC8A0028AB94 /* skill_boonofbulkathos_n.png */,
				E99489DA1557EC8A0028AB94 /* skill_brawler_d.png */,
				E99489DB1557EC8A0028AB94 /* skill_brawler_n.png */,
				E99489DC1557EC8A0028AB94 /* skill_inspiringpresence_d.png */,
				E99489DD1557EC8A0028AB94 /* skill_inspiringpresence_n.png */,
				E99489DE1557EC8A0028AB94 /* skill_juggernaut_d.png */,
				E99489DF1557EC8A0028AB94 /* skill_juggernaut_n.png */,
				E99489E01557EC8A0028AB94 /* skill_nervesofsteel_d.png */,
				E99489E11557EC8A0028AB94 /* skill_nervesofsteel_n.png */,
				E99489E21557EC8A0028AB94 /* skill_noescape_d.png */,
				E99489E31557EC8A0028AB94 /* skill_noescape_n.png */,
				E99489E41557EC8A0028AB94 /* skill_poundofflesh_d.png */,
				E99489E51557EC8A0028AB94 /* skill_poundofflesh_n.png */,
				E99489E61557EC8A0028AB94 /* skill_relentless_d.png */,
				E99489E71557EC8A0028AB94 /* skill_relentless_n.png */,
				E99489E81557EC8A0028AB94 /* skill_ruthless_d.png */,
				E99489E91557EC8A0028AB94 /* skill_ruthless_n.png */,
				E99489EA1557EC8A0028AB94 /* skill_superstition_d.png */,
				E99489EB1557EC8A0028AB94 /* skill_superstition_n.png */,
				E99489EC1557EC8A0028AB94 /* skill_toughasnails_d.png */,
				E99489ED1557EC8A0028AB94 /* skill_toughasnails_n.png */,
				E99489EE1557EC8A0028AB94 /* skill_unforgiving_d.png */,
				E99489EF1557EC8A0028AB94 /* skill_unforgiving_n.png */,
				E99489F01557EC8A0028AB94 /* skill_weaponsmaster_d.png */,
				E99489F11557EC8A0028AB94 /* skill_weaponsmaster_n.png */,
			);
			name = Passive;
			sourceTree = "<group>";
		};
		E9948A1715580AD30028AB94 /* DetailTextView */ = {
			isa = PBXGroup;
			children = (
				E9948A1815580AF00028AB94 /* DetailTextView.h */,
				E9948A1915580AF00028AB94 /* DetailTextView.m */,
			);
			name = DetailTextView;
			sourceTree = "<group>";
		};
		E9CFD3F1154B125A005D3760 = {
			isa = PBXGroup;
			children = (
				E9CFD406154B125A005D3760 /* DiabloIIIHeroesHall */,
				E9CFD3FF154B125A005D3760 /* Frameworks */,
				E9CFD3FD154B125A005D3760 /* Products */,
			);
			sourceTree = "<group>";
		};
		E9CFD3FD154B125A005D3760 /* Products */ = {
			isa = PBXGroup;
			children = (
				E9CFD3FC154B125A005D3760 /* DiabloIIIHeroesHall.app */,
			);
			name = Products;
			sourceTree = "<group>";
		};
		E9CFD3FF154B125A005D3760 /* Frameworks */ = {
			isa = PBXGroup;
			children = (
				E9948A1B15580B250028AB94 /* CoreText.framework */,
				E9FD724E154E73A300CC9F39 /* QuartzCore.framework */,
				E9CFD400154B125A005D3760 /* UIKit.framework */,
				E9CFD402154B125A005D3760 /* Foundation.framework */,
				E9CFD404154B125A005D3760 /* CoreGraphics.framework */,
			);
			name = Frameworks;
			sourceTree = "<group>";
		};
		E9CFD406154B125A005D3760 /* DiabloIIIHeroesHall */ = {
			isa = PBXGroup;
			children = (
				E9EFE65C154FF1AB00C01F3C /* BaseClass */,
				E9CFD417154B125F005D3760 /* Class */,
				E9CFD436154B2D88005D3760 /* Resourse */,
				E9CFD407154B125A005D3760 /* Supporting Files */,
			);
			path = DiabloIIIHeroesHall;
			sourceTree = "<group>";
		};
		E9CFD407154B125A005D3760 /* Supporting Files */ = {
			isa = PBXGroup;
			children = (
				E97F3A6715542180009FB7C6 /* Localizable.strings */,
				E9CFD408154B125A005D3760 /* DiabloIIIHeroesHall-Info.plist */,
				E9CFD409154B125A005D3760 /* InfoPlist.strings */,
				E9CFD40C154B125A005D3760 /* main.m */,
				E9CFD40E154B125A005D3760 /* DiabloIIIHeroesHall-Prefix.pch */,
				E97F3A6115541D32009FB7C6 /* HeroSkillDataSource.plist */,
			);
			name = "Supporting Files";
			sourceTree = "<group>";
		};
		E9CFD417154B125F005D3760 /* Class */ = {
			isa = PBXGroup;
			children = (
				E96AB65615507D6200475346 /* AppDelegate */,
				E96AB65715507D9000475346 /* PrimaryViewController */,
				E96AB65815507DBF00475346 /* SecondaryViewController */,
			);
			name = Class;
			sourceTree = "<group>";
		};
		E9CFD418154B126D005D3760 /* XIB */ = {
			isa = PBXGroup;
			children = (
				E980AD1C1550A32D003D7179 /* AppDelegate */,
				E980AD1D1550A33D003D7179 /* PrimaryViewController */,
				E980AD1E1550A362003D7179 /* SecondaryViewController */,
			);
			name = XIB;
			sourceTree = "<group>";
		};
		E9CFD436154B2D88005D3760 /* Resourse */ = {
			isa = PBXGroup;
			children = (
				E9CFD418154B126D005D3760 /* XIB */,
				E9EFE654154FECFE00C01F3C /* PNG */,
				E9EFE653154FECE300C01F3C /* GIF */,
			);
			name = Resourse;
			sourceTree = "<group>";
		};
		E9EFE653154FECE300C01F3C /* GIF */ = {
			isa = PBXGroup;
			children = (
				E99E29F6154EF45800FFE046 /* hero_bar_f.gif */,
				E99E29F7154EF45800FFE046 /* hero_dh_m.gif */,
				E99E29F8154EF45800FFE046 /* hero_monk_f.gif */,
				E99E29F9154EF45800FFE046 /* hero_wd_f.gif */,
				E99E29FA154EF45800FFE046 /* hero_wz_m.gif */,
				E9FD726F154E99B600CC9F39 /* hero_dh_f.gif */,
				E9FD7270154E99B600CC9F39 /* hero_monk_m.gif */,
				E9FD7271154E99B600CC9F39 /* hero_wd_m.gif */,
				E9FD7272154E99B600CC9F39 /* hero_wz_f.gif */,
				E9D8507B154CFDCB00AD2153 /* hero_bar_m.gif */,
			);
			name = GIF;
			sourceTree = "<group>";
		};
		E9EFE654154FECFE00C01F3C /* PNG */ = {
			isa = PBXGroup;
			children = (
				E980AD1F1550A483003D7179 /* Retina */,
				E980AD201550A498003D7179 /* Normal */,
			);
			name = PNG;
			sourceTree = "<group>";
		};
		E9EFE65C154FF1AB00C01F3C /* BaseClass */ = {
			isa = PBXGroup;
			children = (
				E9948A1715580AD30028AB94 /* DetailTextView */,
				E980AD13155092B6003D7179 /* Custom */,
				E9EFE65D154FF1C100C01F3C /* Category */,
				E9FD7268154E881D00CC9F39 /* iCarousel */,
			);
			name = BaseClass;
			sourceTree = "<group>";
		};
		E9EFE65D154FF1C100C01F3C /* Category */ = {
			isa = PBXGroup;
			children = (
				E9EFE667154FF63F00C01F3C /* UINavigationController.h */,
				E9EFE668154FF63F00C01F3C /* UINavigationController.m */,
			);
			name = Category;
			sourceTree = "<group>";
		};
		E9FD7268154E881D00CC9F39 /* iCarousel */ = {
			isa = PBXGroup;
			children = (
				E9FD726A154E883F00CC9F39 /* iCarousel.h */,
				E9FD7269154E883F00CC9F39 /* iCarousel.m */,
			);
			name = iCarousel;
			sourceTree = "<group>";
		};
/* End PBXGroup section */

/* Begin PBXNativeTarget section */
		E9CFD3FB154B125A005D3760 /* DiabloIIIHeroesHall */ = {
			isa = PBXNativeTarget;
			buildConfigurationList = E9CFD414154B125A005D3760 /* Build configuration list for PBXNativeTarget "DiabloIIIHeroesHall" */;
			buildPhases = (
				E9CFD3F8154B125A005D3760 /* Sources */,
				E9CFD3F9154B125A005D3760 /* Frameworks */,
				E9CFD3FA154B125A005D3760 /* Resources */,
			);
			buildRules = (
			);
			dependencies = (
			);
			name = DiabloIIIHeroesHall;
			productName = DiabloIIIHeroesHall;
			productReference = E9CFD3FC154B125A005D3760 /* DiabloIIIHeroesHall.app */;
			productType = "com.apple.product-type.application";
		};
/* End PBXNativeTarget section */

/* Begin PBXProject section */
		E9CFD3F3154B125A005D3760 /* Project object */ = {
			isa = PBXProject;
			attributes = {
				LastUpgradeCheck = 0430;
			};
			buildConfigurationList = E9CFD3F6154B125A005D3760 /* Build configuration list for PBXProject "DiabloIIIHeroesHall" */;
			compatibilityVersion = "Xcode 3.2";
			developmentRegion = English;
			hasScannedForEncodings = 0;
			knownRegions = (
				en,
				"zh-Hans",
				"zh-Hant",
			);
			mainGroup = E9CFD3F1154B125A005D3760;
			productRefGroup = E9CFD3FD154B125A005D3760 /* Products */;
			projectDirPath = "";
			projectRoot = "";
			targets = (
				E9CFD3FB154B125A005D3760 /* DiabloIIIHeroesHall */,
			);
		};
/* End PBXProject section */

/* Begin PBXResourcesBuildPhase section */
		E9CFD3FA154B125A005D3760 /* Resources */ = {
			isa = PBXResourcesBuildPhase;
			buildActionMask = 2147483647;
			files = (
				E9CFD40B154B125A005D3760 /* InfoPlist.strings in Resources */,
				E9CFD41A154B12C1005D3760 /* Application.xib in Resources */,
				E9CFD425154B18EC005D3760 /* HeroesHallViewController.xib in Resources */,
				E92A15C0154C000E00C96E0B /* HeroRiseViewController.xib in Resources */,
				E92A15CC154C0B4100C96E0B /* Default.png in Resources */,
				E92A15CE154C1E1800C96E0B /* icon.png in Resources */,
				E9D8507C154CFDCB00AD2153 /* hero_bar_m.gif in Resources */,
				E9D9F230154D1B2700DABCE8 /* bg_heroshall_rect@2x.png in Resources */,
				E9D9F244154D259000DABCE8 /* bt_hero@2x.png in Resources */,
				E9D9F245154D259000DABCE8 /* bt_hero_s@2x.png in Resources */,
				E9D9F2BD154D302600DABCE8 /* ft_herorise_rect@2x.png in Resources */,
				E9D9F2BF154D306900DABCE8 /* tt_herorise@2x.png in Resources */,
				E9D9F2CD154D43F700DABCE8 /* bg_topbar@2x.png in Resources */,
				E9D9F2D1154D451100DABCE8 /* bt_back@2x.png in Resources */,
				E9D9F2D7154D5EAA00DABCE8 /* bt_heroeshall_create@2x.png in Resources */,
				E9FD7273154E99B600CC9F39 /* hero_dh_f.gif in Resources */,
				E9FD7274154E99B600CC9F39 /* hero_monk_m.gif in Resources */,
				E9FD7275154E99B600CC9F39 /* hero_wd_m.gif in Resources */,
				E9FD7276154E99B600CC9F39 /* hero_wz_f.gif in Resources */,
				E99E29FB154EF45800FFE046 /* hero_bar_f.gif in Resources */,
				E99E29FC154EF45800FFE046 /* hero_dh_m.gif in Resources */,
				E99E29FD154EF45800FFE046 /* hero_monk_f.gif in Resources */,
				E99E29FE154EF45800FFE046 /* hero_wd_f.gif in Resources */,
				E99E29FF154EF45800FFE046 /* hero_wz_m.gif in Resources */,
				E99E2A09154F2DCD00FFE046 /* bg_sex@2x.png in Resources */,
				E99E2A0E154F34D100FFE046 /* bt_female_s@2x.png in Resources */,
				E99E2A0F154F34D100FFE046 /* bt_female@2x.png in Resources */,
				E99E2A10154F34D100FFE046 /* bt_male_s@2x.png in Resources */,
				E99E2A11154F34D100FFE046 /* bt_male@2x.png in Resources */,
				E9EFE659154FEDED00C01F3C /* HeroSkillBoardViewController.xib in Resources */,
				E9EFE65B154FEEDE00C01F3C /* bg_skillboard@2x.png in Resources */,
				E97DBDBC1550148400385A36 /* bt_forward@2x.png in Resources */,
				E97DBDCC155023AF00385A36 /* avatar_bar_f@2x.png in Resources */,
				E97DBDCD155023AF00385A36 /* avatar_bar_m@2x.png in Resources */,
				E97DBDCE155023AF00385A36 /* avatar_dh_f@2x.png in Resources */,
				E97DBDCF155023AF00385A36 /* avatar_dh_m@2x.png in Resources */,
				E97DBDD0155023AF00385A36 /* avatar_monk_f@2x.png in Resources */,
				E97DBDD1155023AF00385A36 /* avatar_monk_m@2x.png in Resources */,
				E97DBDD2155023AF00385A36 /* avatar_wd_f@2x.png in Resources */,
				E97DBDD3155023AF00385A36 /* avatar_wd_m@2x.png in Resources */,
				E97DBDD4155023AF00385A36 /* avatar_wz_f@2x.png in Resources */,
				E97DBDD5155023AF00385A36 /* avatar_wz_m@2x.png in Resources */,
				E97DBDD715502C6900385A36 /* bg_herorise@2x.png in Resources */,
				E97DBDD915502EE000385A36 /* bg_heroeshall@2x.png in Resources */,
				E97DBDDB1550354500385A36 /* bt_nextpage@2x.png in Resources */,
				E97DBDDD155039D300385A36 /* bt_skill_s@2x.png in Resources */,
				E97DBDDF1550479700385A36 /* bt_pskill_s@2x.png in Resources */,
				E97DBDE815504FAC00385A36 /* BarbarianSkillDetailViewController.xib in Resources */,
				E96AB64315507B8900475346 /* DemonHunterSkillDetailViewController.xib in Resources */,
				E96AB64B15507D1000475346 /* MonkSkillDetailViewController.xib in Resources */,
				E96AB65015507D3400475346 /* WitchDoctorSkillDetailViewController.xib in Resources */,
				E96AB65515507D5200475346 /* WizardSkillDetailViewController.xib in Resources */,
				E94C5AC915517BC800B0F10D /* bg_skilldetailboard@2x.png in Resources */,
				E94C5ADA15525D7400B0F10D /* skill_bash_d.png in Resources */,
				E94C5ADD15525D7400B0F10D /* skill_cleave_d.png in Resources */,
				E94C5AE015525D7400B0F10D /* skill_frenzy_d.png in Resources */,
				E972606B1552B6BA006D5BB1 /* skill_hammeroftheancients_d.png in Resources */,
				E972606C1552B6BA006D5BB1 /* skill_hammeroftheancients_n.png in Resources */,
				E972606E1552B6BA006D5BB1 /* skill_rend_d.png in Resources */,
				E972606F1552B6BA006D5BB1 /* skill_rend_n.png in Resources */,
				E97260711552B6BA006D5BB1 /* skill_seismicslam_d.png in Resources */,
				E97260721552B6BA006D5BB1 /* skill_seismicslam_n.png in Resources */,
				E97260741552B6BA006D5BB1 /* skill_whirlwind_d.png in Resources */,
				E97260751552B6BA006D5BB1 /* skill_whirlwind_n.png in Resources */,
				E97260881552BA69006D5BB1 /* skill_groundstomp_d.png in Resources */,
				E97260891552BA69006D5BB1 /* skill_groundstomp_n.png in Resources */,
				E972608B1552BA69006D5BB1 /* skill_ignorepain_d.png in Resources */,
				E972608C1552BA69006D5BB1 /* skill_ignorepain_n.png in Resources */,
				E972608E1552BA69006D5BB1 /* skill_leap_d.png in Resources */,
				E972608F1552BA69006D5BB1 /* skill_leap_n.png in Resources */,
				E97260911552BA69006D5BB1 /* skill_sprint_d.png in Resources */,
				E97260921552BA69006D5BB1 /* skill_sprint_n.png in Resources */,
				E97260A01552BC7A006D5BB1 /* skill_ancientspear_d.png in Resources */,
				E97260A11552BC7A006D5BB1 /* skill_ancientspear_n.png in Resources */,
				E97260A31552BC7A006D5BB1 /* skill_furiouscharge_d.png in Resources */,
				E97260A41552BC7A006D5BB1 /* skill_furiouscharge_n.png in Resources */,
				E97260A61552BC7A006D5BB1 /* skill_overpower_d.png in Resources */,
				E97260A71552BC7A006D5BB1 /* skill_overpower_n.png in Resources */,
				E97260A91552BC7A006D5BB1 /* skill_revenge_d.png in Resources */,
				E97260AA1552BC7A006D5BB1 /* skill_revenge_n.png in Resources */,
				E97260B81552BE97006D5BB1 /* skill_battlerage_d.png in Resources */,
				E97260B91552BE97006D5BB1 /* skill_battlerage_n.png in Resources */,
				E97260BB1552BE97006D5BB1 /* skill_threateningshout_d.png in Resources */,
				E97260BC1552BE97006D5BB1 /* skill_threateningshout_n.png in Resources */,
				E97260BE1552BE97006D5BB1 /* skill_warcry_d.png in Resources */,
				E97260BF1552BE97006D5BB1 /* skill_warcry_n.png in Resources */,
				E97260C11552BE97006D5BB1 /* skill_weaponthrow_d.png in Resources */,
				E97260C21552BE97006D5BB1 /* skill_weaponthrow_n.png in Resources */,
				E97260CD1552BF62006D5BB1 /* skill_calloftheancients_d.png in Resources */,
				E97260CE1552BF62006D5BB1 /* skill_calloftheancients_n.png in Resources */,
				E97260D01552BF62006D5BB1 /* skill_earthquake_d.png in Resources */,
				E97260D11552BF62006D5BB1 /* skill_earthquake_n.png in Resources */,
				E97260D31552BF62006D5BB1 /* skill_wrathoftheberserker_d.png in Resources */,
				E97260D41552BF62006D5BB1 /* skill_wrathoftheberserker_n.png in Resources */,
				E97F3A6215541D32009FB7C6 /* HeroSkillDataSource.plist in Resources */,
				E97F3A6515542180009FB7C6 /* Localizable.strings in Resources */,
				E9CABAF61554EF3C00773ACF /* mash_selected_area@2x.png in Resources */,
				E9CABAF81554F1EF00773ACF /* bt_skillboard_close@2x.png in Resources */,
				E911F2A3155681D90082DE9A /* 5@2x.png in Resources */,
				E911F2A4155681D90082DE9A /* 4@2x.png in Resources */,
				E911F2A5155681D90082DE9A /* 0@2x.png in Resources */,
				E911F2A6155681D90082DE9A /* 1@2x.png in Resources */,
				E911F2A7155681D90082DE9A /* 3@2x.png in Resources */,
				E911F2A8155681D90082DE9A /* 2@2x.png in Resources */,
				E99489F21557EC8A0028AB94 /* skill_animosity_d.png in Resources */,
				E99489F31557EC8A0028AB94 /* skill_animosity_n.png in Resources */,
				E99489F41557EC8A0028AB94 /* skill_berserkerrage_d.png in Resources */,
				E99489F51557EC8A0028AB94 /* skill_berserkerrage_n.png in Resources */,
				E99489F61557EC8A0028AB94 /* skill_bloodthirst_d.png in Resources */,
				E99489F71557EC8A0028AB94 /* skill_bloodthirst_n.png in Resources */,
				E99489F81557EC8A0028AB94 /* skill_boonofbulkathos_d.png in Resources */,
				E99489F91557EC8A0028AB94 /* skill_boonofbulkathos_n.png in Resources */,
				E99489FA1557EC8A0028AB94 /* skill_brawler_d.png in Resources */,
				E99489FB1557EC8A0028AB94 /* skill_brawler_n.png in Resources */,
				E99489FC1557EC8A0028AB94 /* skill_inspiringpresence_d.png in Resources */,
				E99489FD1557EC8A0028AB94 /* skill_inspiringpresence_n.png in Resources */,
				E99489FE1557EC8A0028AB94 /* skill_juggernaut_d.png in Resources */,
				E99489FF1557EC8A0028AB94 /* skill_juggernaut_n.png in Resources */,
				E9948A001557EC8A0028AB94 /* skill_nervesofsteel_d.png in Resources */,
				E9948A011557EC8A0028AB94 /* skill_nervesofsteel_n.png in Resources */,
				E9948A021557EC8A0028AB94 /* skill_noescape_d.png in Resources */,
				E9948A031557EC8A0028AB94 /* skill_noescape_n.png in Resources */,
				E9948A041557EC8A0028AB94 /* skill_poundofflesh_d.png in Resources */,
				E9948A051557EC8A0028AB94 /* skill_poundofflesh_n.png in Resources */,
				E9948A061557EC8A0028AB94 /* skill_relentless_d.png in Resources */,
				E9948A071557EC8A0028AB94 /* skill_relentless_n.png in Resources */,
				E9948A081557EC8A0028AB94 /* skill_ruthless_d.png in Resources */,
				E9948A091557EC8A0028AB94 /* skill_ruthless_n.png in Resources */,
				E9948A0A1557EC8A0028AB94 /* skill_superstition_d.png in Resources */,
				E9948A0B1557EC8A0028AB94 /* skill_superstition_n.png in Resources */,
				E9948A0C1557EC8A0028AB94 /* skill_toughasnails_d.png in Resources */,
				E9948A0D1557EC8A0028AB94 /* skill_toughasnails_n.png in Resources */,
				E9948A0E1557EC8A0028AB94 /* skill_unforgiving_d.png in Resources */,
				E9948A0F1557EC8A0028AB94 /* skill_unforgiving_n.png in Resources */,
				E9948A101557EC8A0028AB94 /* skill_weaponsmaster_d.png in Resources */,
				E9948A111557EC8A0028AB94 /* skill_weaponsmaster_n.png in Resources */,
				E996F9421558228800487C85 /* bg_singleskilldetailboard@2x.png in Resources */,
				E9DF3CF11558D00C0088FDDC /* skill_bash_n.png in Resources */,
				E9DF3CF21558D00C0088FDDC /* skill_cleave_n.png in Resources */,
				E9DF3CF31558D00C0088FDDC /* skill_frenzy_n.png in Resources */,
				E9BC3AB4155AEC85006C08D5 /* skillround_highlight.png in Resources */,
				E9BC3AB5155AEC85006C08D5 /* skillrect_highlight.png in Resources */,
			);
			runOnlyForDeploymentPostprocessing = 0;
		};
/* End PBXResourcesBuildPhase section */

/* Begin PBXSourcesBuildPhase section */
		E9CFD3F8154B125A005D3760 /* Sources */ = {
			isa = PBXSourcesBuildPhase;
			buildActionMask = 2147483647;
			files = (
				E9CFD40D154B125A005D3760 /* main.m in Sources */,
				E9CFD411154B125A005D3760 /* AppDelegate.m in Sources */,
				E9CFD424154B18EC005D3760 /* HeroesHallViewController.m in Sources */,
				E92A15BF154C000E00C96E0B /* HeroRiseViewController.m in Sources */,
				E9FD726B154E883F00CC9F39 /* iCarousel.m in Sources */,
				E9EFE658154FEDED00C01F3C /* HeroSkillBoardViewController.m in Sources */,
				E9EFE669154FF63F00C01F3C /* UINavigationController.m in Sources */,
				E96AB63D1550607E00475346 /* BarbarianSkillDetailViewController.m in Sources */,
				E96AB64215507B8900475346 /* DemonHunterSkillDetailViewController.m in Sources */,
				E96AB64A15507D1000475346 /* MonkSkillDetailViewController.m in Sources */,
				E96AB64F15507D3400475346 /* WitchDoctorSkillDetailViewController.m in Sources */,
				E96AB65415507D5200475346 /* WizardSkillDetailViewController.m in Sources */,
				E980AD1B15509398003D7179 /* HeroSkillDetailViewController.m in Sources */,
				E976D87E1553BB3600FB489C /* SingleSkillDetailViewController.m in Sources */,
				E9948A1A15580AF00028AB94 /* DetailTextView.m in Sources */,
			);
			runOnlyForDeploymentPostprocessing = 0;
		};
/* End PBXSourcesBuildPhase section */

/* Begin PBXVariantGroup section */
		E97F3A6715542180009FB7C6 /* Localizable.strings */ = {
			isa = PBXVariantGroup;
			children = (
				E97F3A6615542180009FB7C6 /* en */,
				E97F3A6A155421A7009FB7C6 /* zh-Hans */,
				E97F3A6B155421A9009FB7C6 /* zh-Hant */,
			);
			name = Localizable.strings;
			path = ..;
			sourceTree = "<group>";
		};
		E9CFD409154B125A005D3760 /* InfoPlist.strings */ = {
			isa = PBXVariantGroup;
			children = (
				E9CFD40A154B125A005D3760 /* en */,
			);
			name = InfoPlist.strings;
			sourceTree = "<group>";
			usesTabs = 0;
		};
/* End PBXVariantGroup section */

/* Begin XCBuildConfiguration section */
		E9CFD412154B125A005D3760 /* Debug */ = {
			isa = XCBuildConfiguration;
			buildSettings = {
				ALWAYS_SEARCH_USER_PATHS = NO;
				ARCHS = "$(ARCHS_STANDARD_32_BIT)";
				CODE_SIGN_IDENTITY = "iPhone Developer: Neng/ Zhe/ (EP875B3GC9)";
				"CODE_SIGN_IDENTITY[sdk=iphoneos*]" = "iPhone Developer: Neng/ Zhe/ (EP875B3GC9)";
				COPY_PHASE_STRIP = NO;
				GCC_C_LANGUAGE_STANDARD = gnu99;
				GCC_DYNAMIC_NO_PIC = NO;
				GCC_OPTIMIZATION_LEVEL = 0;
				GCC_PREPROCESSOR_DEFINITIONS = (
					"DEBUG=1",
					"$(inherited)",
				);
				GCC_SYMBOLS_PRIVATE_EXTERN = NO;
				GCC_VERSION = com.apple.compilers.llvm.clang.1_0;
				GCC_WARN_ABOUT_RETURN_TYPE = YES;
				GCC_WARN_UNINITIALIZED_AUTOS = YES;
				GCC_WARN_UNUSED_VARIABLE = YES;
				IPHONEOS_DEPLOYMENT_TARGET = 5.1;
				PROVISIONING_PROFILE = "BDD53806-456E-4AB4-8F05-DA48961AA13D";
				"PROVISIONING_PROFILE[sdk=iphoneos*]" = "BDD53806-456E-4AB4-8F05-DA48961AA13D";
				SDKROOT = iphoneos;
			};
			name = Debug;
		};
		E9CFD413154B125A005D3760 /* Release */ = {
			isa = XCBuildConfiguration;
			buildSettings = {
				ALWAYS_SEARCH_USER_PATHS = NO;
				ARCHS = "$(ARCHS_STANDARD_32_BIT)";
				CODE_SIGN_IDENTITY = "iPhone Developer: Neng/ Zhe/ (EP875B3GC9)";
				"CODE_SIGN_IDENTITY[sdk=iphoneos*]" = "iPhone Developer: Neng/ Zhe/ (EP875B3GC9)";
				COPY_PHASE_STRIP = YES;
				GCC_C_LANGUAGE_STANDARD = gnu99;
				GCC_VERSION = com.apple.compilers.llvm.clang.1_0;
				GCC_WARN_ABOUT_RETURN_TYPE = YES;
				GCC_WARN_UNINITIALIZED_AUTOS = YES;
				GCC_WARN_UNUSED_VARIABLE = YES;
				IPHONEOS_DEPLOYMENT_TARGET = 5.1;
				OTHER_CFLAGS = "-DNS_BLOCK_ASSERTIONS=1";
				PROVISIONING_PROFILE = "BDD53806-456E-4AB4-8F05-DA48961AA13D";
				"PROVISIONING_PROFILE[sdk=iphoneos*]" = "BDD53806-456E-4AB4-8F05-DA48961AA13D";
				SDKROOT = iphoneos;
				VALIDATE_PRODUCT = YES;
			};
			name = Release;
		};
		E9CFD415154B125A005D3760 /* Debug */ = {
			isa = XCBuildConfiguration;
			buildSettings = {
				CODE_SIGN_IDENTITY = "iPhone Developer: Neng/ Zhe/ (EP875B3GC9)";
				"CODE_SIGN_IDENTITY[sdk=iphoneos*]" = "iPhone Developer: Neng/ Zhe/ (EP875B3GC9)";
				GCC_PRECOMPILE_PREFIX_HEADER = YES;
				GCC_PREFIX_HEADER = "DiabloIIIHeroesHall/DiabloIIIHeroesHall-Prefix.pch";
				INFOPLIST_FILE = "DiabloIIIHeroesHall/DiabloIIIHeroesHall-Info.plist";
				PRODUCT_NAME = "$(TARGET_NAME)";
				PROVISIONING_PROFILE = "F03BFE49-AABC-4A31-BE98-EDC56BB535EE";
				WRAPPER_EXTENSION = app;
			};
			name = Debug;
		};
		E9CFD416154B125A005D3760 /* Release */ = {
			isa = XCBuildConfiguration;
			buildSettings = {
				CODE_SIGN_IDENTITY = "iPhone Developer: Neng/ Zhe/ (EP875B3GC9)";
				"CODE_SIGN_IDENTITY[sdk=iphoneos*]" = "iPhone Developer: Neng/ Zhe/ (EP875B3GC9)";
				GCC_PRECOMPILE_PREFIX_HEADER = YES;
				GCC_PREFIX_HEADER = "DiabloIIIHeroesHall/DiabloIIIHeroesHall-Prefix.pch";
				INFOPLIST_FILE = "DiabloIIIHeroesHall/DiabloIIIHeroesHall-Info.plist";
				PRODUCT_NAME = "$(TARGET_NAME)";
				PROVISIONING_PROFILE = "F03BFE49-AABC-4A31-BE98-EDC56BB535EE";
				WRAPPER_EXTENSION = app;
			};
			name = Release;
		};
/* End XCBuildConfiguration section */

/* Begin XCConfigurationList section */
		E9CFD3F6154B125A005D3760 /* Build configuration list for PBXProject "DiabloIIIHeroesHall" */ = {
			isa = XCConfigurationList;
			buildConfigurations = (
				E9CFD412154B125A005D3760 /* Debug */,
				E9CFD413154B125A005D3760 /* Release */,
			);
			defaultConfigurationIsVisible = 0;
			defaultConfigurationName = Release;
		};
		E9CFD414154B125A005D3760 /* Build configuration list for PBXNativeTarget "DiabloIIIHeroesHall" */ = {
			isa = XCConfigurationList;
			buildConfigurations = (
				E9CFD415154B125A005D3760 /* Debug */,
				E9CFD416154B125A005D3760 /* Release */,
			);
			defaultConfigurationIsVisible = 0;
			defaultConfigurationName = Release;
		};
/* End XCConfigurationList section */
	};
	rootObject = E9CFD3F3154B125A005D3760 /* Project object */;
}
